{
  "lockfile_version": "1",
  "packages": {
    "ansible@2.19.2": {
      "last_modified": "2025-09-18T16:33:27Z",
      "resolved": "github:NixOS/nixpkgs/f4b140d5b253f5e2a1ff4e5506edbf8267724bde#ansible",
      "source": "devbox-search",
      "version": "2.19.2",
      "systems": {
        "aarch64-darwin": {
          "outputs": [
            {
              "name": "out",
              "path": "/nix/store/jh0rfqxm2zvq5b9db83ymx3zsvlfyd8r-python3.13-ansible-core-2.19.2",
              "default": true
            },
            {
              "name": "dist",
              "path": "/nix/store/nfcab64b903014bbam1q2h5bq63bm92p-python3.13-ansible-core-2.19.2-dist"
            }
          ],
          "store_path": "/nix/store/jh0rfqxm2zvq5b9db83ymx3zsvlfyd8r-python3.13-ansible-core-2.19.2"
        },
        "aarch64-linux": {
          "outputs": [
            {
              "name": "out",
              "path": "/nix/store/qwxyv79z61miblnsnymb4i3kaw2cb5qs-python3.13-ansible-core-2.19.2",
              "default": true
            },
            {
              "name": "dist",
              "path": "/nix/store/z3d6zm7bpapdmizxljqlpd67l1cmpmg4-python3.13-ansible-core-2.19.2-dist"
            }
          ],
          "store_path": "/nix/store/qwxyv79z61miblnsnymb4i3kaw2cb5qs-python3.13-ansible-core-2.19.2"
        },
        "x86_64-darwin": {
          "outputs": [
            {
              "name": "out",
              "path": "/nix/store/bpd149p32vlpb8nx93m04i38n61m60l9-python3.13-ansible-core-2.19.2",
              "default": true
            },
            {
              "name": "dist",
              "path": "/nix/store/li6gkzsaggwcpnbhdjxajr3ns9gxsrbf-python3.13-ansible-core-2.19.2-dist"
            }
          ],
          "store_path": "/nix/store/bpd149p32vlpb8nx93m04i38n61m60l9-python3.13-ansible-core-2.19.2"
        },
        "x86_64-linux": {
          "outputs": [
            {
              "name": "out",
              "path": "/nix/store/3xy4gzb1hahqvr1vn045jgrkmxpsx7dz-python3.13-ansible-core-2.19.2",
              "default": true
            },
            {
              "name": "dist",
              "path": "/nix/store/kd9w824kcdryc56rcrslbs4drjxk75dk-python3.13-ansible-core-2.19.2-dist"
            }
          ],
          "store_path": "/nix/store/3xy4gzb1hahqvr1vn045jgrkmxpsx7dz-python3.13-ansible-core-2.19.2"
        }
      }
    },
    "awscli2@2.28.1": {
      "last_modified": "2025-08-08T08:05:48Z",
      "resolved": "github:NixOS/nixpkgs/a3f3e3f2c983e957af6b07a1db98bafd1f87b7a1#awscli2",
      "source": "devbox-search",
      "version": "2.28.1",
      "systems": {
        "aarch64-darwin": {
          "outputs": [
            {
              "name": "out",
              "path": "/nix/store/rgavcd6nf9ycmm53r86js1n8zv6k5717-awscli2-2.28.1",
              "default": true
            },
            {
              "name": "dist",
              "path": "/nix/store/bcqbw14w0689hslsnd9r1vqh8445n5d3-awscli2-2.28.1-dist"
            }
          ],
          "store_path": "/nix/store/rgavcd6nf9ycmm53r86js1n8zv6k5717-awscli2-2.28.1"
        },
        "aarch64-linux": {
          "outputs": [
            {
              "name": "out",
              "path": "/nix/store/agnnh10lr6xhvvyy9k74bbsiwaxd18ma-awscli2-2.28.1",
              "default": true
            },
            {
              "name": "dist",
              "path": "/nix/store/bjn51pqs4q12ajiq8idsv4pxfi85zqyv-awscli2-2.28.1-dist"
            }
          ],
          "store_path": "/nix/store/agnnh10lr6xhvvyy9k74bbsiwaxd18ma-awscli2-2.28.1"
        },
        "x86_64-darwin": {
          "outputs": [
            {
              "name": "out",
              "path": "/nix/store/fy6lwzj66lhbzqx4023jpkl78l5sb3l4-awscli2-2.28.1",
              "default": true
            },
            {
              "name": "dist",
              "path": "/nix/store/72zij4gvx5rhr4l8jn0d4bas35brf19h-awscli2-2.28.1-dist"
            }
          ],
          "store_path": "/nix/store/fy6lwzj66lhbzqx4023jpkl78l5sb3l4-awscli2-2.28.1"
        },
        "x86_64-linux": {
          "outputs": [
            {
              "name": "out",
              "path": "/nix/store/a830f5ksp5fa8v8fl0bw29amwazwbf50-awscli2-2.28.1",
              "default": true
            },
            {
              "name": "dist",
              "path": "/nix/store/6ddshy6z4h24brknz0a1ahjdvbm7yl6s-awscli2-2.28.1-dist"
            }
          ],
          "store_path": "/nix/store/a830f5ksp5fa8v8fl0bw29amwazwbf50-awscli2-2.28.1"
        }
      }
    },
    "git@2.51.0": {
      "last_modified": "2025-09-21T09:21:16Z",
      "resolved": "github:NixOS/nixpkgs/a1f79a1770d05af18111fbbe2a3ab2c42c0f6cd0#git",
      "source": "devbox-search",
      "version": "2.51.0",
      "systems": {
        "aarch64-darwin": {
          "outputs": [
            {
              "name": "out",
              "path": "/nix/store/4q2dd3sf6xq9bky0aq2wyp2pf958j0rz-git-2.51.0",
              "default": true
            },
            {
              "name": "doc",
              "path": "/nix/store/4gwi3dw7ay6ddmzyzx36a15ds51493hz-git-2.51.0-doc"
            }
          ],
          "store_path": "/nix/store/4q2dd3sf6xq9bky0aq2wyp2pf958j0rz-git-2.51.0"
        },
        "aarch64-linux": {
          "outputs": [
            {
              "name": "out",
              "path": "/nix/store/7x5qzsv0msjcvyhn98zayq520gdwb76m-git-2.51.0",
              "default": true
            },
            {
              "name": "debug",
              "path": "/nix/store/xh22pd5vdl2i1lj975gsv0dc4ywwi42j-git-2.51.0-debug"
            },
            {
              "name": "doc",
              "path": "/nix/store/lxbmn3fzikq9l7aw4xi6lkxqmc2866qd-git-2.51.0-doc"
            }
          ],
          "store_path": "/nix/store/7x5qzsv0msjcvyhn98zayq520gdwb76m-git-2.51.0"
        },
        "x86_64-darwin": {
          "outputs": [
            {
              "name": "out",
              "path": "/nix/store/a16jim5gw87lhmzms8n9jvz6rqii52n1-git-2.51.0",
              "default": true
            },
            {
              "name": "doc",
              "path": "/nix/store/6mrf4pn3qr89l7lw1xv2n5nlj0wpqs94-git-2.51.0-doc"
            }
          ],
          "store_path": "/nix/store/a16jim5gw87lhmzms8n9jvz6rqii52n1-git-2.51.0"
        },
        "x86_64-linux": {
          "outputs": [
            {
              "name": "out",
              "path": "/nix/store/q1zaii9cirbfpmwr7d86hpppql3kjcpf-git-2.51.0",
              "default": true
            },
            {
              "name": "doc",
              "path": "/nix/store/vjjhqc2vixs1pfy4bh5qpqrvqg042vd4-git-2.51.0-doc"
            },
            {
              "name": "debug",
              "path": "/nix/store/zdh0b77j1n8irhshwgrhyjfrrjxk9fbw-git-2.51.0-debug"
            }
          ],
          "store_path": "/nix/store/q1zaii9cirbfpmwr7d86hpppql3kjcpf-git-2.51.0"
        }
      }
    },
    "github:NixOS/nixpkgs/nixpkgs-unstable": {
      "last_modified": "2025-09-12T04:37:21Z",
      "resolved": "github:NixOS/nixpkgs/ad4e6dd68c30bc8bd1860a27bc6f0c485bd7f3b6?lastModified=1757651841&narHash=sha256-Lh9QoMzTjY%2FO4LqNwcm6s%2FWSYStDmCH6f3V%2FizwlkHc%3D"
    },
    "go-task@3.44.1": {
      "last_modified": "2025-08-03T19:18:05Z",
      "resolved": "github:NixOS/nixpkgs/bf9fa86a9b1005d932f842edf2c38eeecc98eef3#go-task",
      "source": "devbox-search",
      "version": "3.44.1",
      "systems": {
        "aarch64-darwin": {
          "outputs": [
            {
              "name": "out",
              "path": "/nix/store/2s2xbxzkshricg27p5m6qg8xay6j1qcm-go-task-3.44.1",
              "default": true
            }
          ],
          "store_path": "/nix/store/2s2xbxzkshricg27p5m6qg8xay6j1qcm-go-task-3.44.1"
        },
        "aarch64-linux": {
          "outputs": [
            {
              "name": "out",
              "path": "/nix/store/gf4cj1rnppcdbn1pksaw1a4zs6mm97h1-go-task-3.44.1",
              "default": true
            }
          ],
          "store_path": "/nix/store/gf4cj1rnppcdbn1pksaw1a4zs6mm97h1-go-task-3.44.1"
        },
        "x86_64-darwin": {
          "outputs": [
            {
              "name": "out",
              "path": "/nix/store/nq56q1rfknrl3b7acshqbiyrg6xnq39r-go-task-3.44.1",
              "default": true
            }
          ],
          "store_path": "/nix/store/nq56q1rfknrl3b7acshqbiyrg6xnq39r-go-task-3.44.1"
        },
        "x86_64-linux": {
          "outputs": [
            {
              "name": "out",
              "path": "/nix/store/zjfzqsapmydx7y49clmj29l75ki4gi11-go-task-3.44.1",
              "default": true
            }
          ],
          "store_path": "/nix/store/zjfzqsapmydx7y49clmj29l75ki4gi11-go-task-3.44.1"
        }
      }
    },
    "mkdocs@1.6.1": {
      "last_modified": "2025-07-28T17:09:23Z",
      "resolved": "github:NixOS/nixpkgs/648f70160c03151bc2121d179291337ad6bc564b#mkdocs",
      "source": "devbox-search",
      "version": "1.6.1",
      "systems": {
        "aarch64-darwin": {
          "outputs": [
            {
              "name": "out",
              "path": "/nix/store/d4bs6525diryp7khlyh4pwljbc0sqc9p-python3.13-mkdocs-1.6.1",
              "default": true
            },
            {
              "name": "dist",
              "path": "/nix/store/nfwxidbq6fprjm927a4sqs3yb1qbagbs-python3.13-mkdocs-1.6.1-dist"
            }
          ],
          "store_path": "/nix/store/d4bs6525diryp7khlyh4pwljbc0sqc9p-python3.13-mkdocs-1.6.1"
        },
        "aarch64-linux": {
          "outputs": [
            {
              "name": "out",
              "path": "/nix/store/4vyn285nkl4f8qj0wygzxy2i2yns9hn3-python3.13-mkdocs-1.6.1",
              "default": true
            },
            {
              "name": "dist",
              "path": "/nix/store/sx9i3jr39qmms1mfyf59plgva2fp10f2-python3.13-mkdocs-1.6.1-dist"
            }
          ],
          "store_path": "/nix/store/4vyn285nkl4f8qj0wygzxy2i2yns9hn3-python3.13-mkdocs-1.6.1"
        },
        "x86_64-darwin": {
          "outputs": [
            {
              "name": "out",
              "path": "/nix/store/188g7di1312dbzzahy7xiyk7y9g8413i-python3.13-mkdocs-1.6.1",
              "default": true
            },
            {
              "name": "dist",
              "path": "/nix/store/j9yfs8jkhlhakggkchmkdg0r465w3846-python3.13-mkdocs-1.6.1-dist"
            }
          ],
          "store_path": "/nix/store/188g7di1312dbzzahy7xiyk7y9g8413i-python3.13-mkdocs-1.6.1"
        },
        "x86_64-linux": {
          "outputs": [
            {
              "name": "out",
              "path": "/nix/store/7clgfyl8hlqiijj3qm8f9107nhskdp2f-python3.13-mkdocs-1.6.1",
              "default": true
            },
            {
              "name": "dist",
              "path": "/nix/store/9g9b5cd7706h4764gczvnhi5d7lh1inv-python3.13-mkdocs-1.6.1-dist"
            }
          ],
          "store_path": "/nix/store/7clgfyl8hlqiijj3qm8f9107nhskdp2f-python3.13-mkdocs-1.6.1"
        }
      }
    },
    "nodePackages.prettier@3.5.3": {
      "last_modified": "2025-05-21T18:43:04Z",
      "resolved": "github:NixOS/nixpkgs/8c441601c43232976179eac52dde704c8bdf81ed#nodePackages.prettier",
      "source": "devbox-search",
      "version": "3.5.3",
      "systems": {
        "aarch64-darwin": {
          "outputs": [
            {
              "name": "out",
              "path": "/nix/store/yspchsd3ww1ddz2r5783kw8y9j0vr3r8-prettier-3.5.3",
              "default": true
            }
          ],
          "store_path": "/nix/store/yspchsd3ww1ddz2r5783kw8y9j0vr3r8-prettier-3.5.3"
        },
        "aarch64-linux": {
          "outputs": [
            {
              "name": "out",
              "path": "/nix/store/ya3imag4wkxj3g5fws96rzyzv36m74w8-prettier-3.5.3",
              "default": true
            }
          ],
          "store_path": "/nix/store/ya3imag4wkxj3g5fws96rzyzv36m74w8-prettier-3.5.3"
        },
        "x86_64-darwin": {
          "outputs": [
            {
              "name": "out",
              "path": "/nix/store/f9q2y20qa56hjzxnia0q664m0rkwwqvm-prettier-3.5.3",
              "default": true
            }
          ],
          "store_path": "/nix/store/f9q2y20qa56hjzxnia0q664m0rkwwqvm-prettier-3.5.3"
        },
        "x86_64-linux": {
          "outputs": [
            {
              "name": "out",
              "path": "/nix/store/wry9vlk19pk7izrknb980icc8gihzllx-prettier-3.5.3",
              "default": true
            }
          ],
          "store_path": "/nix/store/wry9vlk19pk7izrknb980icc8gihzllx-prettier-3.5.3"
        }
      }
    },
    "packer@1.14.2": {
      "last_modified": "2025-09-18T16:33:27Z",
      "resolved": "github:NixOS/nixpkgs/f4b140d5b253f5e2a1ff4e5506edbf8267724bde#packer",
      "source": "devbox-search",
      "version": "1.14.2",
      "systems": {
        "aarch64-darwin": {
          "outputs": [
            {
              "name": "out",
              "path": "/nix/store/3ry0d1vynxwki97npz8n1b8d1szzqca7-packer-1.14.2",
              "default": true
            }
          ],
          "store_path": "/nix/store/3ry0d1vynxwki97npz8n1b8d1szzqca7-packer-1.14.2"
        },
        "aarch64-linux": {
          "outputs": [
            {
              "name": "out",
              "path": "/nix/store/0g6pqmf668023jq4axylma0n829k5blk-packer-1.14.2",
              "default": true
            }
          ],
          "store_path": "/nix/store/0g6pqmf668023jq4axylma0n829k5blk-packer-1.14.2"
        },
        "x86_64-darwin": {
          "outputs": [
            {
              "name": "out",
              "path": "/nix/store/6a2bspyw36g8zgi23glhl24745zxp3zw-packer-1.14.2",
              "default": true
            }
          ],
          "store_path": "/nix/store/6a2bspyw36g8zgi23glhl24745zxp3zw-packer-1.14.2"
        },
        "x86_64-linux": {
          "outputs": [
            {
              "name": "out",
              "path": "/nix/store/pvi9ir5vlav31yf66b7qspfg9ig60v9l-packer-1.14.2",
              "default": true
            }
          ],
          "store_path": "/nix/store/pvi9ir5vlav31yf66b7qspfg9ig60v9l-packer-1.14.2"
        }
      }
    },
    "pre-commit@4.3.0": {
      "last_modified": "2025-09-18T16:33:27Z",
      "resolved": "github:NixOS/nixpkgs/f4b140d5b253f5e2a1ff4e5506edbf8267724bde#pre-commit",
      "source": "devbox-search",
      "version": "4.3.0",
      "systems": {
        "aarch64-darwin": {
          "outputs": [
            {
              "name": "out",
              "path": "/nix/store/i2y7jkijwc5f0ly9w7pb5nsnib2mlm3v-pre-commit-4.3.0",
              "default": true
            },
            {
              "name": "dist",
              "path": "/nix/store/r65b8k7p52fcw1lnaw560wnswn7sq5l9-pre-commit-4.3.0-dist"
            }
          ],
          "store_path": "/nix/store/i2y7jkijwc5f0ly9w7pb5nsnib2mlm3v-pre-commit-4.3.0"
        },
        "aarch64-linux": {
          "outputs": [
            {
              "name": "out",
              "path": "/nix/store/053lk2khq3v7p8sqx84whzhlb429g6gm-pre-commit-4.3.0",
              "default": true
            },
            {
              "name": "dist",
              "path": "/nix/store/dfm1bdbsvw4qd214972h81fw8g5fpdjc-pre-commit-4.3.0-dist"
            }
          ],
          "store_path": "/nix/store/053lk2khq3v7p8sqx84whzhlb429g6gm-pre-commit-4.3.0"
        },
        "x86_64-darwin": {
          "outputs": [
            {
              "name": "out",
              "path": "/nix/store/j79nsa5j79wmq3jf4kwizaldr5fm82mv-pre-commit-4.3.0",
              "default": true
            },
            {
              "name": "dist",
              "path": "/nix/store/drb2rm5vz0632ydd6m4xwkpcj6j01w4q-pre-commit-4.3.0-dist"
            }
          ],
          "store_path": "/nix/store/j79nsa5j79wmq3jf4kwizaldr5fm82mv-pre-commit-4.3.0"
        },
        "x86_64-linux": {
          "outputs": [
            {
              "name": "out",
              "path": "/nix/store/0ybak1vc0vafqfy5dwyb5biaxr98f3kn-pre-commit-4.3.0",
              "default": true
            },
            {
              "name": "dist",
              "path": "/nix/store/7ni86x0z72zq3r5kyyixy52vsgz8rn3g-pre-commit-4.3.0-dist"
            }
          ],
          "store_path": "/nix/store/0ybak1vc0vafqfy5dwyb5biaxr98f3kn-pre-commit-4.3.0"
        }
      }
    },
    "python313Packages.mkdocs-material@9.6.17": {
      "last_modified": "2025-09-18T16:33:27Z",
      "resolved": "github:NixOS/nixpkgs/f4b140d5b253f5e2a1ff4e5506edbf8267724bde#python313Packages.mkdocs-material",
      "source": "devbox-search",
      "version": "9.6.17",
      "systems": {
        "aarch64-darwin": {
          "outputs": [
            {
              "name": "out",
              "path": "/nix/store/8l4xbi56vqi1sfy3q65mdv151rqn73k5-python3.13-mkdocs-material-9.6.17",
              "default": true
            },
            {
              "name": "dist",
              "path": "/nix/store/v2mfbc0w09bnsfmd8fkhc53r88qcpyw1-python3.13-mkdocs-material-9.6.17-dist"
            }
          ],
          "store_path": "/nix/store/8l4xbi56vqi1sfy3q65mdv151rqn73k5-python3.13-mkdocs-material-9.6.17"
        },
        "aarch64-linux": {
          "outputs": [
            {
              "name": "out",
              "path": "/nix/store/yzg43yxfxym8hp5zdjkc24fp7h4gfn45-python3.13-mkdocs-material-9.6.17",
              "default": true
            },
            {
              "name": "dist",
              "path": "/nix/store/ywbl6v62qxj0wrdsmzc3zi75dsvxhlc6-python3.13-mkdocs-material-9.6.17-dist"
            }
          ],
          "store_path": "/nix/store/yzg43yxfxym8hp5zdjkc24fp7h4gfn45-python3.13-mkdocs-material-9.6.17"
        },
        "x86_64-darwin": {
          "outputs": [
            {
              "name": "out",
              "path": "/nix/store/67rhdmz648dq78kdllk42cdv317hfkkc-python3.13-mkdocs-material-9.6.17",
              "default": true
            },
            {
              "name": "dist",
              "path": "/nix/store/2yl88kadw3mv7slqgbzayk2ssjyl45w7-python3.13-mkdocs-material-9.6.17-dist"
            }
          ],
          "store_path": "/nix/store/67rhdmz648dq78kdllk42cdv317hfkkc-python3.13-mkdocs-material-9.6.17"
        },
        "x86_64-linux": {
          "outputs": [
            {
              "name": "out",
              "path": "/nix/store/fp98az4x3r7y1slqm9b3ds678dr2ry50-python3.13-mkdocs-material-9.6.17",
              "default": true
            },
            {
              "name": "dist",
              "path": "/nix/store/pfkqknq1r1kn45ls01c4bm858qx7m3dx-python3.13-mkdocs-material-9.6.17-dist"
            }
          ],
          "store_path": "/nix/store/fp98az4x3r7y1slqm9b3ds678dr2ry50-python3.13-mkdocs-material-9.6.17"
        }
      }
    },
    "sops@3.10.2": {
      "last_modified": "2025-07-28T17:09:23Z",
      "resolved": "github:NixOS/nixpkgs/648f70160c03151bc2121d179291337ad6bc564b#sops",
      "source": "devbox-search",
      "version": "3.10.2",
      "systems": {
        "aarch64-darwin": {
          "outputs": [
            {
              "name": "out",
              "path": "/nix/store/1g3hv041sv0i1g0pc5a2d8ccaknip8yn-sops-3.10.2",
              "default": true
            }
          ],
          "store_path": "/nix/store/1g3hv041sv0i1g0pc5a2d8ccaknip8yn-sops-3.10.2"
        },
        "aarch64-linux": {
          "outputs": [
            {
              "name": "out",
              "path": "/nix/store/xw36vwp7wql3l7fsvgh61s97wc6wz4cx-sops-3.10.2",
              "default": true
            }
          ],
          "store_path": "/nix/store/xw36vwp7wql3l7fsvgh61s97wc6wz4cx-sops-3.10.2"
        },
        "x86_64-darwin": {
          "outputs": [
            {
              "name": "out",
              "path": "/nix/store/2irkp1yd7qaa3ng3kzwy2slf1h9vlgfm-sops-3.10.2",
              "default": true
            }
          ],
          "store_path": "/nix/store/2irkp1yd7qaa3ng3kzwy2slf1h9vlgfm-sops-3.10.2"
        },
        "x86_64-linux": {
          "outputs": [
            {
              "name": "out",
              "path": "/nix/store/m4sbla6nhmm3fbxjgxl909182layi0ib-sops-3.10.2",
              "default": true
            }
          ],
          "store_path": "/nix/store/m4sbla6nhmm3fbxjgxl909182layi0ib-sops-3.10.2"
        }
      }
    },
    "terraform@1.13.3": {
      "last_modified": "2025-09-18T16:33:27Z",
      "resolved": "github:NixOS/nixpkgs/f4b140d5b253f5e2a1ff4e5506edbf8267724bde#terraform",
      "source": "devbox-search",
      "version": "1.13.3",
      "systems": {
        "aarch64-darwin": {
          "outputs": [
            {
              "name": "out",
              "path": "/nix/store/4pm27dwqyw4v04m566hzfyh195ccrc5i-terraform-1.13.3",
              "default": true
            }
          ],
          "store_path": "/nix/store/4pm27dwqyw4v04m566hzfyh195ccrc5i-terraform-1.13.3"
        },
        "aarch64-linux": {
          "outputs": [
            {
              "name": "out",
              "path": "/nix/store/jxc9p7gdzaww2734jzwddzgqbriihscp-terraform-1.13.3",
              "default": true
            }
          ],
          "store_path": "/nix/store/jxc9p7gdzaww2734jzwddzgqbriihscp-terraform-1.13.3"
        },
        "x86_64-darwin": {
          "outputs": [
            {
              "name": "out",
              "path": "/nix/store/75y0gxay06hzc0fjgikfmyasaj7qys54-terraform-1.13.3",
              "default": true
            }
          ],
          "store_path": "/nix/store/75y0gxay06hzc0fjgikfmyasaj7qys54-terraform-1.13.3"
        },
        "x86_64-linux": {
          "outputs": [
            {
              "name": "out",
              "path": "/nix/store/r0ri9bfmgzw95mqm0v8mji1hm6ql1zqv-terraform-1.13.3",
              "default": true
            }
          ],
          "store_path": "/nix/store/r0ri9bfmgzw95mqm0v8mji1hm6ql1zqv-terraform-1.13.3"
        }
      }
    },
    "yq@3.4.3": {
      "last_modified": "2025-07-28T17:09:23Z",
      "resolved": "github:NixOS/nixpkgs/648f70160c03151bc2121d179291337ad6bc564b#yq",
      "source": "devbox-search",
      "version": "3.4.3",
      "systems": {
        "aarch64-darwin": {
          "outputs": [
            {
              "name": "out",
              "path": "/nix/store/pv0z7486gqyfldkdm9dl7b7kh91n1xdz-python3.13-yq-3.4.3",
              "default": true
            },
            {
              "name": "dist",
              "path": "/nix/store/agqzsww2s8gwziryz8dbva6xh24h7rjp-python3.13-yq-3.4.3-dist"
            }
          ],
          "store_path": "/nix/store/pv0z7486gqyfldkdm9dl7b7kh91n1xdz-python3.13-yq-3.4.3"
        },
        "aarch64-linux": {
          "outputs": [
            {
              "name": "out",
              "path": "/nix/store/f2ljrw5wyly5w5w051xf15026i3cpxvm-python3.13-yq-3.4.3",
              "default": true
            },
            {
              "name": "dist",
              "path": "/nix/store/2kzk1g3y5slylhkfidrazy5fsl5m7dl5-python3.13-yq-3.4.3-dist"
            }
          ],
          "store_path": "/nix/store/f2ljrw5wyly5w5w051xf15026i3cpxvm-python3.13-yq-3.4.3"
        },
        "x86_64-darwin": {
          "outputs": [
            {
              "name": "out",
              "path": "/nix/store/fnyws30rnpa4i1aw0rrd0z2n0wn3qv9m-python3.13-yq-3.4.3",
              "default": true
            },
            {
              "name": "dist",
              "path": "/nix/store/ll0nb6a2f9wd1ghpymyg8fjwiyqgxls1-python3.13-yq-3.4.3-dist"
            }
          ],
          "store_path": "/nix/store/fnyws30rnpa4i1aw0rrd0z2n0wn3qv9m-python3.13-yq-3.4.3"
        },
        "x86_64-linux": {
          "outputs": [
            {
              "name": "out",
              "path": "/nix/store/73wfjnpi4ms8xbrf4j8357rk0gm6dsc9-python3.13-yq-3.4.3",
              "default": true
            },
            {
              "name": "dist",
              "path": "/nix/store/kbizcjfiqi08yvdb7zkp44fshi1rw97y-python3.13-yq-3.4.3-dist"
            }
          ],
          "store_path": "/nix/store/73wfjnpi4ms8xbrf4j8357rk0gm6dsc9-python3.13-yq-3.4.3"
        }
      }
    }
  }
}
