{
  "lockfile_version": "1",
  "packages": {
    "ansible-lint@25.8.2": {
      "last_modified": "2025-11-12T10:38:40Z",
      "resolved": "github:NixOS/nixpkgs/91c9a64ce2a84e648d0cf9671274bb9c2fb9ba60#ansible-lint",
      "source": "devbox-search",
      "version": "25.8.2",
      "systems": {
        "aarch64-darwin": {
          "outputs": [
            {
              "name": "out",
              "path": "/nix/store/0kmgalyaprvwpvl6799spmg6dpkas1f6-ansible-lint-25.8.2",
              "default": true
            },
            {
              "name": "dist",
              "path": "/nix/store/xiyhx9ps7skli6s1a93c0z1fa3mzwa25-ansible-lint-25.8.2-dist"
            }
          ],
          "store_path": "/nix/store/0kmgalyaprvwpvl6799spmg6dpkas1f6-ansible-lint-25.8.2"
        },
        "aarch64-linux": {
          "outputs": [
            {
              "name": "out",
              "path": "/nix/store/29w2jyjzqmmlg5mbai8p6yvmybgr97ji-ansible-lint-25.8.2",
              "default": true
            },
            {
              "name": "dist",
              "path": "/nix/store/bymr7bdwlpfydby4hqgd387m33srsdxw-ansible-lint-25.8.2-dist"
            }
          ],
          "store_path": "/nix/store/29w2jyjzqmmlg5mbai8p6yvmybgr97ji-ansible-lint-25.8.2"
        },
        "x86_64-darwin": {
          "outputs": [
            {
              "name": "out",
              "path": "/nix/store/krv34znd4pi1fb654j8hqwvc03qy2b3i-ansible-lint-25.8.2",
              "default": true
            },
            {
              "name": "dist",
              "path": "/nix/store/1axj393vcz8vis6lj2672b9fcwr41igi-ansible-lint-25.8.2-dist"
            }
          ],
          "store_path": "/nix/store/krv34znd4pi1fb654j8hqwvc03qy2b3i-ansible-lint-25.8.2"
        },
        "x86_64-linux": {
          "outputs": [
            {
              "name": "out",
              "path": "/nix/store/qizmdnwaznk5zl02xdjnq93sz070qhwf-ansible-lint-25.8.2",
              "default": true
            },
            {
              "name": "dist",
              "path": "/nix/store/4hqkqc63z5i2l51m3wr7az2lr35jgr6w-ansible-lint-25.8.2-dist"
            }
          ],
          "store_path": "/nix/store/qizmdnwaznk5zl02xdjnq93sz070qhwf-ansible-lint-25.8.2"
        }
      }
    },
    "ansible@2.19.3": {
      "last_modified": "2025-10-22T20:59:19Z",
      "resolved": "github:NixOS/nixpkgs/01b6809f7f9d1183a2b3e081f0a1e6f8f415cb09#ansible",
      "source": "devbox-search",
      "version": "2.19.3",
      "systems": {
        "aarch64-darwin": {
          "outputs": [
            {
              "name": "out",
              "path": "/nix/store/l5z435ijvmxkfjwax1a8isc9vj4rm213-python3.13-ansible-core-2.19.3",
              "default": true
            },
            {
              "name": "dist",
              "path": "/nix/store/vwpzp3467iw9ahaczlmzlxh2nygcd85q-python3.13-ansible-core-2.19.3-dist"
            }
          ],
          "store_path": "/nix/store/l5z435ijvmxkfjwax1a8isc9vj4rm213-python3.13-ansible-core-2.19.3"
        },
        "aarch64-linux": {
          "outputs": [
            {
              "name": "out",
              "path": "/nix/store/d14b94cvdr6z2vl93dw03kn8g0vgrddy-python3.13-ansible-core-2.19.3",
              "default": true
            },
            {
              "name": "dist",
              "path": "/nix/store/fi2kmlggzgzpq7sh7cpwj7lq2gq8nqha-python3.13-ansible-core-2.19.3-dist"
            }
          ],
          "store_path": "/nix/store/d14b94cvdr6z2vl93dw03kn8g0vgrddy-python3.13-ansible-core-2.19.3"
        },
        "x86_64-darwin": {
          "outputs": [
            {
              "name": "out",
              "path": "/nix/store/hr9ha6mr60iwdcpaqn54dsarzv2qqr8v-python3.13-ansible-core-2.19.3",
              "default": true
            },
            {
              "name": "dist",
              "path": "/nix/store/4gjxn2cl2d4m8winhbkhj0dnpxfkiypz-python3.13-ansible-core-2.19.3-dist"
            }
          ],
          "store_path": "/nix/store/hr9ha6mr60iwdcpaqn54dsarzv2qqr8v-python3.13-ansible-core-2.19.3"
        },
        "x86_64-linux": {
          "outputs": [
            {
              "name": "out",
              "path": "/nix/store/s329q5kg1chaarn5rgavsjvwyf3i3a0s-python3.13-ansible-core-2.19.3",
              "default": true
            },
            {
              "name": "dist",
              "path": "/nix/store/q9fizjm71ghrl4v9dwflgrn07fkkbj08-python3.13-ansible-core-2.19.3-dist"
            }
          ],
          "store_path": "/nix/store/s329q5kg1chaarn5rgavsjvwyf3i3a0s-python3.13-ansible-core-2.19.3"
        }
      }
    },
    "awscli2@2.31.11": {
      "last_modified": "2025-10-22T20:59:19Z",
      "resolved": "github:NixOS/nixpkgs/01b6809f7f9d1183a2b3e081f0a1e6f8f415cb09#awscli2",
      "source": "devbox-search",
      "version": "2.31.11",
      "systems": {
        "aarch64-darwin": {
          "outputs": [
            {
              "name": "out",
              "path": "/nix/store/syyl22zc917z201wa7ghwyxrmdjda8gx-awscli2-2.31.11",
              "default": true
            },
            {
              "name": "dist",
              "path": "/nix/store/rahm1y464x1mpcsyrqyqvi3jx8d133d1-awscli2-2.31.11-dist"
            }
          ],
          "store_path": "/nix/store/syyl22zc917z201wa7ghwyxrmdjda8gx-awscli2-2.31.11"
        },
        "aarch64-linux": {
          "outputs": [
            {
              "name": "out",
              "path": "/nix/store/9vvkxynqnjglw0fjn2pzwxq590a8wyhb-awscli2-2.31.11",
              "default": true
            },
            {
              "name": "dist",
              "path": "/nix/store/cvfamk3633h4x98bdgj0kgcsnbfrxv69-awscli2-2.31.11-dist"
            }
          ],
          "store_path": "/nix/store/9vvkxynqnjglw0fjn2pzwxq590a8wyhb-awscli2-2.31.11"
        },
        "x86_64-darwin": {
          "outputs": [
            {
              "name": "out",
              "path": "/nix/store/ixhf6s2qp5dy5q3ri6i3w3rm38xqp105-awscli2-2.31.11",
              "default": true
            },
            {
              "name": "dist",
              "path": "/nix/store/lrb7dygv5x0rfql77l4mj3bm7phhndgd-awscli2-2.31.11-dist"
            }
          ],
          "store_path": "/nix/store/ixhf6s2qp5dy5q3ri6i3w3rm38xqp105-awscli2-2.31.11"
        },
        "x86_64-linux": {
          "outputs": [
            {
              "name": "out",
              "path": "/nix/store/slvn0v4fab6qc8qz11h8mfzpq8avdbz7-awscli2-2.31.11",
              "default": true
            },
            {
              "name": "dist",
              "path": "/nix/store/6y2nxxa9gd3wixznaajc5xffnsxixvgp-awscli2-2.31.11-dist"
            }
          ],
          "store_path": "/nix/store/slvn0v4fab6qc8qz11h8mfzpq8avdbz7-awscli2-2.31.11"
        }
      }
    },
    "git@2.51.0": {
      "last_modified": "2025-11-01T04:38:15Z",
      "resolved": "github:NixOS/nixpkgs/f1e8ae508a9a467a9f51d29b8639e96db2b52c30#git",
      "source": "devbox-search",
      "version": "2.51.0",
      "systems": {
        "aarch64-darwin": {
          "outputs": [
            {
              "name": "out",
              "path": "/nix/store/1xqc4nc97vwmx6dqrk0zns79xncb5chw-git-2.51.0",
              "default": true
            },
            {
              "name": "doc",
              "path": "/nix/store/fwx23zsz09rirgfp0r5kzsh7nbg6d9ff-git-2.51.0-doc"
            }
          ],
          "store_path": "/nix/store/1xqc4nc97vwmx6dqrk0zns79xncb5chw-git-2.51.0"
        },
        "aarch64-linux": {
          "outputs": [
            {
              "name": "out",
              "path": "/nix/store/1xrbd5mmc64lx3hwm07kq27f445rs4xh-git-2.51.0",
              "default": true
            },
            {
              "name": "debug",
              "path": "/nix/store/h5r9901ms52cxfqvm4pb0d2y24ddc9vv-git-2.51.0-debug"
            },
            {
              "name": "doc",
              "path": "/nix/store/0dp21kpx7d2xh0y29y79wwggrhgnjks5-git-2.51.0-doc"
            }
          ],
          "store_path": "/nix/store/1xrbd5mmc64lx3hwm07kq27f445rs4xh-git-2.51.0"
        },
        "x86_64-darwin": {
          "outputs": [
            {
              "name": "out",
              "path": "/nix/store/wcnaxbjl7fkdfy20jgyj4pf6jarc36p8-git-2.51.0",
              "default": true
            },
            {
              "name": "doc",
              "path": "/nix/store/sl8z2ijj21c8r4dxaa0vi4bv8xyavq26-git-2.51.0-doc"
            }
          ],
          "store_path": "/nix/store/wcnaxbjl7fkdfy20jgyj4pf6jarc36p8-git-2.51.0"
        },
        "x86_64-linux": {
          "outputs": [
            {
              "name": "out",
              "path": "/nix/store/60440kg5c51rrlpinkk2rkg020q5q6kv-git-2.51.0",
              "default": true
            },
            {
              "name": "debug",
              "path": "/nix/store/n2qv18fvl3d4jn4y1828mk89zpl83840-git-2.51.0-debug"
            },
            {
              "name": "doc",
              "path": "/nix/store/b7382m8mvzm3336f6lj8wdbqwsclc0yx-git-2.51.0-doc"
            }
          ],
          "store_path": "/nix/store/60440kg5c51rrlpinkk2rkg020q5q6kv-git-2.51.0"
        }
      }
    },
    "github:NixOS/nixpkgs/nixpkgs-unstable": {
      "last_modified": "2025-11-16T17:00:02Z",
      "resolved": "github:NixOS/nixpkgs/85a6c4a07faa12aaccd81b36ba9bfc2bec974fa1?lastModified=1763312402&narHash=sha256-3YJkOBrFpmcusnh7i8GXXEyh7qZG%2F8F5z5%2B717550Hk%3D"
    },
    "go-task@3.45.4": {
      "last_modified": "2025-10-22T20:59:19Z",
      "resolved": "github:NixOS/nixpkgs/01b6809f7f9d1183a2b3e081f0a1e6f8f415cb09#go-task",
      "source": "devbox-search",
      "version": "3.45.4",
      "systems": {
        "aarch64-darwin": {
          "outputs": [
            {
              "name": "out",
              "path": "/nix/store/mj7zghvnya1rl3gw3l8ll91qah5v9rxv-go-task-3.45.4",
              "default": true
            }
          ],
          "store_path": "/nix/store/mj7zghvnya1rl3gw3l8ll91qah5v9rxv-go-task-3.45.4"
        },
        "aarch64-linux": {
          "outputs": [
            {
              "name": "out",
              "path": "/nix/store/2rvk0icfridcj5035f0n05bbgs30y5pb-go-task-3.45.4",
              "default": true
            }
          ],
          "store_path": "/nix/store/2rvk0icfridcj5035f0n05bbgs30y5pb-go-task-3.45.4"
        },
        "x86_64-darwin": {
          "outputs": [
            {
              "name": "out",
              "path": "/nix/store/3n1f9c46z5vkvybghn9mp56iccxqghg6-go-task-3.45.4",
              "default": true
            }
          ],
          "store_path": "/nix/store/3n1f9c46z5vkvybghn9mp56iccxqghg6-go-task-3.45.4"
        },
        "x86_64-linux": {
          "outputs": [
            {
              "name": "out",
              "path": "/nix/store/sbhyd09c4nsdlg62mp4g4d6z0hga6f9z-go-task-3.45.4",
              "default": true
            }
          ],
          "store_path": "/nix/store/sbhyd09c4nsdlg62mp4g4d6z0hga6f9z-go-task-3.45.4"
        }
      }
    },
    "markdownlint-cli2@0.18.1": {
      "last_modified": "2025-10-22T20:59:19Z",
      "resolved": "github:NixOS/nixpkgs/01b6809f7f9d1183a2b3e081f0a1e6f8f415cb09#markdownlint-cli2",
      "source": "devbox-search",
      "version": "0.18.1",
      "systems": {
        "aarch64-darwin": {
          "outputs": [
            {
              "name": "out",
              "path": "/nix/store/46qh02vhjqkb2i839s6v2z0d1f99gsnl-markdownlint-cli2-0.18.1",
              "default": true
            }
          ],
          "store_path": "/nix/store/46qh02vhjqkb2i839s6v2z0d1f99gsnl-markdownlint-cli2-0.18.1"
        },
        "aarch64-linux": {
          "outputs": [
            {
              "name": "out",
              "path": "/nix/store/206vy6qg4zs38hcl731zvry2w3kkni0w-markdownlint-cli2-0.18.1",
              "default": true
            }
          ],
          "store_path": "/nix/store/206vy6qg4zs38hcl731zvry2w3kkni0w-markdownlint-cli2-0.18.1"
        },
        "x86_64-darwin": {
          "outputs": [
            {
              "name": "out",
              "path": "/nix/store/hf82jhsfv0ci6vxqnk1mdf3mjf40jp7m-markdownlint-cli2-0.18.1",
              "default": true
            }
          ],
          "store_path": "/nix/store/hf82jhsfv0ci6vxqnk1mdf3mjf40jp7m-markdownlint-cli2-0.18.1"
        },
        "x86_64-linux": {
          "outputs": [
            {
              "name": "out",
              "path": "/nix/store/xz81ifvjxaccay9g46fx7nga2avhf814-markdownlint-cli2-0.18.1",
              "default": true
            }
          ],
          "store_path": "/nix/store/xz81ifvjxaccay9g46fx7nga2avhf814-markdownlint-cli2-0.18.1"
        }
      }
    },
    "mkdocs@1.6.1": {
      "last_modified": "2025-10-22T20:59:19Z",
      "resolved": "github:NixOS/nixpkgs/01b6809f7f9d1183a2b3e081f0a1e6f8f415cb09#mkdocs",
      "source": "devbox-search",
      "version": "1.6.1",
      "systems": {
        "aarch64-darwin": {
          "outputs": [
            {
              "name": "out",
              "path": "/nix/store/kciz5kbk5xal5z0h7fdpd9wr0avaddm9-python3.13-mkdocs-1.6.1",
              "default": true
            },
            {
              "name": "dist",
              "path": "/nix/store/yy6fpawjnh8mrwwpz9gvdd5ii3bz6mj3-python3.13-mkdocs-1.6.1-dist"
            }
          ],
          "store_path": "/nix/store/kciz5kbk5xal5z0h7fdpd9wr0avaddm9-python3.13-mkdocs-1.6.1"
        },
        "aarch64-linux": {
          "outputs": [
            {
              "name": "out",
              "path": "/nix/store/7h88g8ghjwrafnkndscjfnih2a49ix86-python3.13-mkdocs-1.6.1",
              "default": true
            },
            {
              "name": "dist",
              "path": "/nix/store/cwllnx72w6jr0846341ybixv5raw3ffx-python3.13-mkdocs-1.6.1-dist"
            }
          ],
          "store_path": "/nix/store/7h88g8ghjwrafnkndscjfnih2a49ix86-python3.13-mkdocs-1.6.1"
        },
        "x86_64-darwin": {
          "outputs": [
            {
              "name": "out",
              "path": "/nix/store/szakkm3nd4lvvvgzb6whsn8f91b7j96h-python3.13-mkdocs-1.6.1",
              "default": true
            },
            {
              "name": "dist",
              "path": "/nix/store/3irx5aw2mwijdhj3fx7spdp9qhab4vjf-python3.13-mkdocs-1.6.1-dist"
            }
          ],
          "store_path": "/nix/store/szakkm3nd4lvvvgzb6whsn8f91b7j96h-python3.13-mkdocs-1.6.1"
        },
        "x86_64-linux": {
          "outputs": [
            {
              "name": "out",
              "path": "/nix/store/hjzis8rkc5h8y19fvjc2skchr02byigq-python3.13-mkdocs-1.6.1",
              "default": true
            },
            {
              "name": "dist",
              "path": "/nix/store/id1zgwrpgs1bqpc0q7761knw307pfmk0-python3.13-mkdocs-1.6.1-dist"
            }
          ],
          "store_path": "/nix/store/hjzis8rkc5h8y19fvjc2skchr02byigq-python3.13-mkdocs-1.6.1"
        }
      }
    },
    "nodePackages.prettier@3.5.3": {
      "last_modified": "2025-05-21T18:43:04Z",
      "resolved": "github:NixOS/nixpkgs/8c441601c43232976179eac52dde704c8bdf81ed#nodePackages.prettier",
      "source": "devbox-search",
      "version": "3.5.3",
      "systems": {
        "aarch64-darwin": {
          "outputs": [
            {
              "name": "out",
              "path": "/nix/store/yspchsd3ww1ddz2r5783kw8y9j0vr3r8-prettier-3.5.3",
              "default": true
            }
          ],
          "store_path": "/nix/store/yspchsd3ww1ddz2r5783kw8y9j0vr3r8-prettier-3.5.3"
        },
        "aarch64-linux": {
          "outputs": [
            {
              "name": "out",
              "path": "/nix/store/ya3imag4wkxj3g5fws96rzyzv36m74w8-prettier-3.5.3",
              "default": true
            }
          ],
          "store_path": "/nix/store/ya3imag4wkxj3g5fws96rzyzv36m74w8-prettier-3.5.3"
        },
        "x86_64-darwin": {
          "outputs": [
            {
              "name": "out",
              "path": "/nix/store/f9q2y20qa56hjzxnia0q664m0rkwwqvm-prettier-3.5.3",
              "default": true
            }
          ],
          "store_path": "/nix/store/f9q2y20qa56hjzxnia0q664m0rkwwqvm-prettier-3.5.3"
        },
        "x86_64-linux": {
          "outputs": [
            {
              "name": "out",
              "path": "/nix/store/wry9vlk19pk7izrknb980icc8gihzllx-prettier-3.5.3",
              "default": true
            }
          ],
          "store_path": "/nix/store/wry9vlk19pk7izrknb980icc8gihzllx-prettier-3.5.3"
        }
      }
    },
    "opencode@1.0.45": {
      "last_modified": "2025-11-12T10:38:40Z",
      "resolved": "github:NixOS/nixpkgs/91c9a64ce2a84e648d0cf9671274bb9c2fb9ba60#opencode",
      "source": "devbox-search",
      "version": "1.0.45",
      "systems": {
        "aarch64-darwin": {
          "outputs": [
            {
              "name": "out",
              "path": "/nix/store/lqq3w767p8iv25r54pmqlp4ny91nry2r-opencode-1.0.45",
              "default": true
            }
          ],
          "store_path": "/nix/store/lqq3w767p8iv25r54pmqlp4ny91nry2r-opencode-1.0.45"
        },
        "aarch64-linux": {
          "outputs": [
            {
              "name": "out",
              "path": "/nix/store/nbjiisk2cj9j64vs21yrkw617nnii34a-opencode-1.0.45",
              "default": true
            }
          ],
          "store_path": "/nix/store/nbjiisk2cj9j64vs21yrkw617nnii34a-opencode-1.0.45"
        },
        "x86_64-darwin": {
          "outputs": [
            {
              "name": "out",
              "path": "/nix/store/6cxw9njqm0cdbay1lhxv4qw2qgcl5jg1-opencode-1.0.45",
              "default": true
            }
          ],
          "store_path": "/nix/store/6cxw9njqm0cdbay1lhxv4qw2qgcl5jg1-opencode-1.0.45"
        },
        "x86_64-linux": {
          "outputs": [
            {
              "name": "out",
              "path": "/nix/store/16xk3prx54qrzfxqkicinq9z192xziil-opencode-1.0.45",
              "default": true
            }
          ],
          "store_path": "/nix/store/16xk3prx54qrzfxqkicinq9z192xziil-opencode-1.0.45"
        }
      }
    },
    "packer@1.14.2": {
      "last_modified": "2025-10-22T20:59:19Z",
      "resolved": "github:NixOS/nixpkgs/01b6809f7f9d1183a2b3e081f0a1e6f8f415cb09#packer",
      "source": "devbox-search",
      "version": "1.14.2",
      "systems": {
        "aarch64-darwin": {
          "outputs": [
            {
              "name": "out",
              "path": "/nix/store/nl2kxk2mf1fc4vl46ypmagyvd5lp7rdl-packer-1.14.2",
              "default": true
            }
          ],
          "store_path": "/nix/store/nl2kxk2mf1fc4vl46ypmagyvd5lp7rdl-packer-1.14.2"
        },
        "aarch64-linux": {
          "outputs": [
            {
              "name": "out",
              "path": "/nix/store/hkfhdyhkfgndj5znyf8wff89pga4hw06-packer-1.14.2",
              "default": true
            }
          ],
          "store_path": "/nix/store/hkfhdyhkfgndj5znyf8wff89pga4hw06-packer-1.14.2"
        },
        "x86_64-darwin": {
          "outputs": [
            {
              "name": "out",
              "path": "/nix/store/j6ig3av1dhnlppl4hhn2mxfzj6vdw6fr-packer-1.14.2",
              "default": true
            }
          ],
          "store_path": "/nix/store/j6ig3av1dhnlppl4hhn2mxfzj6vdw6fr-packer-1.14.2"
        },
        "x86_64-linux": {
          "outputs": [
            {
              "name": "out",
              "path": "/nix/store/dpxd0pbsp84v31ykpj3m1jnl081pj564-packer-1.14.2",
              "default": true
            }
          ],
          "store_path": "/nix/store/dpxd0pbsp84v31ykpj3m1jnl081pj564-packer-1.14.2"
        }
      }
    },
    "pre-commit@4.3.0": {
      "last_modified": "2025-10-22T20:59:19Z",
      "resolved": "github:NixOS/nixpkgs/01b6809f7f9d1183a2b3e081f0a1e6f8f415cb09#pre-commit",
      "source": "devbox-search",
      "version": "4.3.0",
      "systems": {
        "aarch64-darwin": {
          "outputs": [
            {
              "name": "out",
              "path": "/nix/store/ybm1c3dsh5p5d2hlz9vk7a2m2liilmwa-pre-commit-4.3.0",
              "default": true
            },
            {
              "name": "dist",
              "path": "/nix/store/2da0ih90r5dqsxgbwyf7y4cy49bsycds-pre-commit-4.3.0-dist"
            }
          ],
          "store_path": "/nix/store/ybm1c3dsh5p5d2hlz9vk7a2m2liilmwa-pre-commit-4.3.0"
        },
        "aarch64-linux": {
          "outputs": [
            {
              "name": "out",
              "path": "/nix/store/gva2a0hsz8jxgj2abp6aa1zhmamcdd2k-pre-commit-4.3.0",
              "default": true
            },
            {
              "name": "dist",
              "path": "/nix/store/141k4slj0hdc3mgkdsm7kxc2h70jk3r1-pre-commit-4.3.0-dist"
            }
          ],
          "store_path": "/nix/store/gva2a0hsz8jxgj2abp6aa1zhmamcdd2k-pre-commit-4.3.0"
        },
        "x86_64-darwin": {
          "outputs": [
            {
              "name": "out",
              "path": "/nix/store/cxjhh74an2y4n7cvzyf77asa99r7333l-pre-commit-4.3.0",
              "default": true
            },
            {
              "name": "dist",
              "path": "/nix/store/4y8s3ad4j7fqgsdb21g4b8q28rs37qnw-pre-commit-4.3.0-dist"
            }
          ],
          "store_path": "/nix/store/cxjhh74an2y4n7cvzyf77asa99r7333l-pre-commit-4.3.0"
        },
        "x86_64-linux": {
          "outputs": [
            {
              "name": "out",
              "path": "/nix/store/j1xrdcpd81zjz7ac5dd4q5c94mbkap9h-pre-commit-4.3.0",
              "default": true
            },
            {
              "name": "dist",
              "path": "/nix/store/azb7sm6hipp1cjk0cjl35a9v00xaq4rk-pre-commit-4.3.0-dist"
            }
          ],
          "store_path": "/nix/store/j1xrdcpd81zjz7ac5dd4q5c94mbkap9h-pre-commit-4.3.0"
        }
      }
    },
    "python313Packages.mkdocs-material@9.6.22": {
      "last_modified": "2025-10-22T20:59:19Z",
      "resolved": "github:NixOS/nixpkgs/01b6809f7f9d1183a2b3e081f0a1e6f8f415cb09#python313Packages.mkdocs-material",
      "source": "devbox-search",
      "version": "9.6.22",
      "systems": {
        "aarch64-darwin": {
          "outputs": [
            {
              "name": "out",
              "path": "/nix/store/0q1jjkn5mm07rns6p0bjfh1sgy4jisnb-python3.13-mkdocs-material-9.6.22",
              "default": true
            },
            {
              "name": "dist",
              "path": "/nix/store/51zan7k1f0sgndpb04dvn5qsqjdbgl6w-python3.13-mkdocs-material-9.6.22-dist"
            }
          ],
          "store_path": "/nix/store/0q1jjkn5mm07rns6p0bjfh1sgy4jisnb-python3.13-mkdocs-material-9.6.22"
        },
        "aarch64-linux": {
          "outputs": [
            {
              "name": "out",
              "path": "/nix/store/r6lm4p4gv5wrr311amq7km8hsk9104gz-python3.13-mkdocs-material-9.6.22",
              "default": true
            },
            {
              "name": "dist",
              "path": "/nix/store/84j1dg5lh1pjd1mz31fvsc2gg51dbzzl-python3.13-mkdocs-material-9.6.22-dist"
            }
          ],
          "store_path": "/nix/store/r6lm4p4gv5wrr311amq7km8hsk9104gz-python3.13-mkdocs-material-9.6.22"
        },
        "x86_64-darwin": {
          "outputs": [
            {
              "name": "out",
              "path": "/nix/store/gjmxma25gfnxgfy0vhxd0azmz0g6mmg2-python3.13-mkdocs-material-9.6.22",
              "default": true
            },
            {
              "name": "dist",
              "path": "/nix/store/vkbfhqwmlhhsapzlhgmzjpspzfp2ycf2-python3.13-mkdocs-material-9.6.22-dist"
            }
          ],
          "store_path": "/nix/store/gjmxma25gfnxgfy0vhxd0azmz0g6mmg2-python3.13-mkdocs-material-9.6.22"
        },
        "x86_64-linux": {
          "outputs": [
            {
              "name": "out",
              "path": "/nix/store/2i824bjchbnl841r5b7dbxrgink0ar3a-python3.13-mkdocs-material-9.6.22",
              "default": true
            },
            {
              "name": "dist",
              "path": "/nix/store/64j1nmxk63kflxq1s7lbfvp00r77gmwb-python3.13-mkdocs-material-9.6.22-dist"
            }
          ],
          "store_path": "/nix/store/2i824bjchbnl841r5b7dbxrgink0ar3a-python3.13-mkdocs-material-9.6.22"
        }
      }
    },
    "shellcheck@0.11.0": {
      "last_modified": "2025-10-22T20:59:19Z",
      "resolved": "github:NixOS/nixpkgs/01b6809f7f9d1183a2b3e081f0a1e6f8f415cb09#shellcheck",
      "source": "devbox-search",
      "version": "0.11.0",
      "systems": {
        "aarch64-darwin": {
          "outputs": [
            {
              "name": "bin",
              "path": "/nix/store/4a0izix7pgl7bjmzy2ks7w08mr7g43wq-shellcheck-0.11.0-bin",
              "default": true
            },
            {
              "name": "man",
              "path": "/nix/store/6xis86676r0wigpc7hdpi6w74hcb8h5b-shellcheck-0.11.0-man",
              "default": true
            },
            {
              "name": "doc",
              "path": "/nix/store/xqgy4i3pcnqh2dz81f72g9p40mfx02hx-shellcheck-0.11.0-doc",
              "default": true
            },
            {
              "name": "out",
              "path": "/nix/store/b2bgxrcp2ichkzjj724374nrc1a2pm1b-shellcheck-0.11.0"
            }
          ],
          "store_path": "/nix/store/4a0izix7pgl7bjmzy2ks7w08mr7g43wq-shellcheck-0.11.0-bin"
        },
        "aarch64-linux": {
          "outputs": [
            {
              "name": "bin",
              "path": "/nix/store/85m80dac9g8s9qw6b8cgfkga5h0ir2zg-shellcheck-0.11.0-bin",
              "default": true
            },
            {
              "name": "man",
              "path": "/nix/store/5fpjqz28ygm4nzmvm6ixhp8mhqcyrh7h-shellcheck-0.11.0-man",
              "default": true
            },
            {
              "name": "doc",
              "path": "/nix/store/kqx6gj3v28idsyy18smgiczbfb8pviy8-shellcheck-0.11.0-doc",
              "default": true
            },
            {
              "name": "out",
              "path": "/nix/store/2yf1s7r7dlfm1ms3d632df73ldr5sm5x-shellcheck-0.11.0"
            }
          ],
          "store_path": "/nix/store/85m80dac9g8s9qw6b8cgfkga5h0ir2zg-shellcheck-0.11.0-bin"
        },
        "x86_64-darwin": {
          "outputs": [
            {
              "name": "bin",
              "path": "/nix/store/w4k4dvja30wp957za309mbffdyz89gf3-shellcheck-0.11.0-bin",
              "default": true
            },
            {
              "name": "man",
              "path": "/nix/store/kz55xi0q6y99dfq72g15jnyc18qsr1y2-shellcheck-0.11.0-man",
              "default": true
            },
            {
              "name": "doc",
              "path": "/nix/store/bzl8f5rgk1p5wcwm7zv8g2j14hdvnpyx-shellcheck-0.11.0-doc",
              "default": true
            },
            {
              "name": "out",
              "path": "/nix/store/jl1ryqyia3ra9p61056da62c149hpb7d-shellcheck-0.11.0"
            }
          ],
          "store_path": "/nix/store/w4k4dvja30wp957za309mbffdyz89gf3-shellcheck-0.11.0-bin"
        },
        "x86_64-linux": {
          "outputs": [
            {
              "name": "bin",
              "path": "/nix/store/a15d764gb4wif597ak7arqj1py2jp8xq-shellcheck-0.11.0-bin",
              "default": true
            },
            {
              "name": "man",
              "path": "/nix/store/d4yng2cx7xxmxfzbid6cm9z6c3i892yx-shellcheck-0.11.0-man",
              "default": true
            },
            {
              "name": "doc",
              "path": "/nix/store/frplmn16l3kjap5m8kk80pzw4wwj4y01-shellcheck-0.11.0-doc",
              "default": true
            },
            {
              "name": "out",
              "path": "/nix/store/b4jzmnxcqh5gj12i66hhsh1k52wbx7fp-shellcheck-0.11.0"
            }
          ],
          "store_path": "/nix/store/a15d764gb4wif597ak7arqj1py2jp8xq-shellcheck-0.11.0-bin"
        }
      }
    },
    "shfmt@3.12.0": {
      "last_modified": "2025-10-22T20:59:19Z",
      "resolved": "github:NixOS/nixpkgs/01b6809f7f9d1183a2b3e081f0a1e6f8f415cb09#shfmt",
      "source": "devbox-search",
      "version": "3.12.0",
      "systems": {
        "aarch64-darwin": {
          "outputs": [
            {
              "name": "out",
              "path": "/nix/store/17x7g2wvfv4p3jnq2c35mrd17gl43wvm-shfmt-3.12.0",
              "default": true
            }
          ],
          "store_path": "/nix/store/17x7g2wvfv4p3jnq2c35mrd17gl43wvm-shfmt-3.12.0"
        },
        "aarch64-linux": {
          "outputs": [
            {
              "name": "out",
              "path": "/nix/store/17k90pxscxhjh8i4zyzqjmspxz1pmyhd-shfmt-3.12.0",
              "default": true
            }
          ],
          "store_path": "/nix/store/17k90pxscxhjh8i4zyzqjmspxz1pmyhd-shfmt-3.12.0"
        },
        "x86_64-darwin": {
          "outputs": [
            {
              "name": "out",
              "path": "/nix/store/yjvv52gkmqca38bmzf3i3vy536kk8cdk-shfmt-3.12.0",
              "default": true
            }
          ],
          "store_path": "/nix/store/yjvv52gkmqca38bmzf3i3vy536kk8cdk-shfmt-3.12.0"
        },
        "x86_64-linux": {
          "outputs": [
            {
              "name": "out",
              "path": "/nix/store/n4k1wp0nkcw97xi5vhr007gvf252pcma-shfmt-3.12.0",
              "default": true
            }
          ],
          "store_path": "/nix/store/n4k1wp0nkcw97xi5vhr007gvf252pcma-shfmt-3.12.0"
        }
      }
    },
    "sops@3.11.0": {
      "last_modified": "2025-10-22T20:59:19Z",
      "resolved": "github:NixOS/nixpkgs/01b6809f7f9d1183a2b3e081f0a1e6f8f415cb09#sops",
      "source": "devbox-search",
      "version": "3.11.0",
      "systems": {
        "aarch64-darwin": {
          "outputs": [
            {
              "name": "out",
              "path": "/nix/store/qwlq3d2n8jf854156ibrrgsxgid6ia03-sops-3.11.0",
              "default": true
            }
          ],
          "store_path": "/nix/store/qwlq3d2n8jf854156ibrrgsxgid6ia03-sops-3.11.0"
        },
        "aarch64-linux": {
          "outputs": [
            {
              "name": "out",
              "path": "/nix/store/lh7cq23r56wwvi21fmvrhywrs1ns4lcn-sops-3.11.0",
              "default": true
            }
          ],
          "store_path": "/nix/store/lh7cq23r56wwvi21fmvrhywrs1ns4lcn-sops-3.11.0"
        },
        "x86_64-darwin": {
          "outputs": [
            {
              "name": "out",
              "path": "/nix/store/shc2cp6jd1vjl9m8p4d2rq06h7w6jdrb-sops-3.11.0",
              "default": true
            }
          ],
          "store_path": "/nix/store/shc2cp6jd1vjl9m8p4d2rq06h7w6jdrb-sops-3.11.0"
        },
        "x86_64-linux": {
          "outputs": [
            {
              "name": "out",
              "path": "/nix/store/n0s88igzv2shfkmx0i8xa9qr3rav1vzp-sops-3.11.0",
              "default": true
            }
          ],
          "store_path": "/nix/store/n0s88igzv2shfkmx0i8xa9qr3rav1vzp-sops-3.11.0"
        }
      }
    },
    "terraform@1.13.5": {
      "last_modified": "2025-11-07T02:32:13Z",
      "resolved": "github:NixOS/nixpkgs/e1ebeec86b771e9d387dd02d82ffdc77ac753abc#terraform",
      "source": "devbox-search",
      "version": "1.13.5",
      "systems": {
        "aarch64-darwin": {
          "outputs": [
            {
              "name": "out",
              "path": "/nix/store/6qkwk9dw5hg6irmypv3814hh1f7janwl-terraform-1.13.5",
              "default": true
            }
          ],
          "store_path": "/nix/store/6qkwk9dw5hg6irmypv3814hh1f7janwl-terraform-1.13.5"
        },
        "aarch64-linux": {
          "outputs": [
            {
              "name": "out",
              "path": "/nix/store/zyycqw3ww1b7ccas9xna70lgw6gps2c6-terraform-1.13.5",
              "default": true
            }
          ],
          "store_path": "/nix/store/zyycqw3ww1b7ccas9xna70lgw6gps2c6-terraform-1.13.5"
        },
        "x86_64-darwin": {
          "outputs": [
            {
              "name": "out",
              "path": "/nix/store/ynhgdl9ggs4qlwzjj2clz0v0sqwk995h-terraform-1.13.5",
              "default": true
            }
          ],
          "store_path": "/nix/store/ynhgdl9ggs4qlwzjj2clz0v0sqwk995h-terraform-1.13.5"
        },
        "x86_64-linux": {
          "outputs": [
            {
              "name": "out",
              "path": "/nix/store/ga38kiqdn3v6crwwnrxhi15zybaq7jds-terraform-1.13.5",
              "default": true
            }
          ],
          "store_path": "/nix/store/ga38kiqdn3v6crwwnrxhi15zybaq7jds-terraform-1.13.5"
        }
      }
    },
    "tflint@0.59.1": {
      "last_modified": "2025-10-22T20:59:19Z",
      "resolved": "github:NixOS/nixpkgs/01b6809f7f9d1183a2b3e081f0a1e6f8f415cb09#tflint",
      "source": "devbox-search",
      "version": "0.59.1",
      "systems": {
        "aarch64-darwin": {
          "outputs": [
            {
              "name": "out",
              "path": "/nix/store/ssaj8hfy311p2ca8c7y8brq90b62fdm7-tflint-0.59.1",
              "default": true
            }
          ],
          "store_path": "/nix/store/ssaj8hfy311p2ca8c7y8brq90b62fdm7-tflint-0.59.1"
        },
        "aarch64-linux": {
          "outputs": [
            {
              "name": "out",
              "path": "/nix/store/l7caw6pm88a5b5nqsrds7ck84j111f29-tflint-0.59.1",
              "default": true
            }
          ],
          "store_path": "/nix/store/l7caw6pm88a5b5nqsrds7ck84j111f29-tflint-0.59.1"
        },
        "x86_64-darwin": {
          "outputs": [
            {
              "name": "out",
              "path": "/nix/store/9haywz9dbv0j1z62w222bkmdz9wd6ij5-tflint-0.59.1",
              "default": true
            }
          ],
          "store_path": "/nix/store/9haywz9dbv0j1z62w222bkmdz9wd6ij5-tflint-0.59.1"
        },
        "x86_64-linux": {
          "outputs": [
            {
              "name": "out",
              "path": "/nix/store/ds2fh76m94xhkbp85xwnbqikp4h3vjc1-tflint-0.59.1",
              "default": true
            }
          ],
          "store_path": "/nix/store/ds2fh76m94xhkbp85xwnbqikp4h3vjc1-tflint-0.59.1"
        }
      }
    },
    "yamllint@1.37.1": {
      "last_modified": "2025-10-22T20:59:19Z",
      "resolved": "github:NixOS/nixpkgs/01b6809f7f9d1183a2b3e081f0a1e6f8f415cb09#yamllint",
      "source": "devbox-search",
      "version": "1.37.1",
      "systems": {
        "aarch64-darwin": {
          "outputs": [
            {
              "name": "out",
              "path": "/nix/store/2nlfbp5bi1xyvgn1bvzavxmzdid9h46q-python3.13-yamllint-1.37.1",
              "default": true
            },
            {
              "name": "dist",
              "path": "/nix/store/h83yb6wnzbilpzaigrwp3aiavscwkdb6-python3.13-yamllint-1.37.1-dist"
            }
          ],
          "store_path": "/nix/store/2nlfbp5bi1xyvgn1bvzavxmzdid9h46q-python3.13-yamllint-1.37.1"
        },
        "aarch64-linux": {
          "outputs": [
            {
              "name": "out",
              "path": "/nix/store/7v9ivrg5d8rxrdaqjwqvn37bsysng8vb-python3.13-yamllint-1.37.1",
              "default": true
            },
            {
              "name": "dist",
              "path": "/nix/store/fx325kif9i4l5a57ian244k9pqrkannr-python3.13-yamllint-1.37.1-dist"
            }
          ],
          "store_path": "/nix/store/7v9ivrg5d8rxrdaqjwqvn37bsysng8vb-python3.13-yamllint-1.37.1"
        },
        "x86_64-darwin": {
          "outputs": [
            {
              "name": "out",
              "path": "/nix/store/6fa9skx7c6gsahjp6w94x3hv303gsrbx-python3.13-yamllint-1.37.1",
              "default": true
            },
            {
              "name": "dist",
              "path": "/nix/store/6p2z3fqiarscxry99b3lph5kkplnxsrg-python3.13-yamllint-1.37.1-dist"
            }
          ],
          "store_path": "/nix/store/6fa9skx7c6gsahjp6w94x3hv303gsrbx-python3.13-yamllint-1.37.1"
        },
        "x86_64-linux": {
          "outputs": [
            {
              "name": "out",
              "path": "/nix/store/ivl3jbcdnykvq4mmkbz9i7gpw5b86k67-python3.13-yamllint-1.37.1",
              "default": true
            },
            {
              "name": "dist",
              "path": "/nix/store/rl4bv7wrmd9y343r08r9j3p6359zzah8-python3.13-yamllint-1.37.1-dist"
            }
          ],
          "store_path": "/nix/store/ivl3jbcdnykvq4mmkbz9i7gpw5b86k67-python3.13-yamllint-1.37.1"
        }
      }
    },
    "yq@3.4.3": {
      "last_modified": "2025-10-22T20:59:19Z",
      "resolved": "github:NixOS/nixpkgs/01b6809f7f9d1183a2b3e081f0a1e6f8f415cb09#yq",
      "source": "devbox-search",
      "version": "3.4.3",
      "systems": {
        "aarch64-darwin": {
          "outputs": [
            {
              "name": "out",
              "path": "/nix/store/wacsaagcnq7ymfmmcgs7g2m84scar453-python3.13-yq-3.4.3",
              "default": true
            },
            {
              "name": "dist",
              "path": "/nix/store/1rp722gn573fys857frnvlgcis64l8kw-python3.13-yq-3.4.3-dist"
            }
          ],
          "store_path": "/nix/store/wacsaagcnq7ymfmmcgs7g2m84scar453-python3.13-yq-3.4.3"
        },
        "aarch64-linux": {
          "outputs": [
            {
              "name": "out",
              "path": "/nix/store/z4vgfpdb8bs2ciq4kshymmip96pdvb59-python3.13-yq-3.4.3",
              "default": true
            },
            {
              "name": "dist",
              "path": "/nix/store/64sbqvx2fpga4m77d65hmcgxnmsr08d6-python3.13-yq-3.4.3-dist"
            }
          ],
          "store_path": "/nix/store/z4vgfpdb8bs2ciq4kshymmip96pdvb59-python3.13-yq-3.4.3"
        },
        "x86_64-darwin": {
          "outputs": [
            {
              "name": "out",
              "path": "/nix/store/h5jhyx6ggspfxkamcyp5snnzrggd47zv-python3.13-yq-3.4.3",
              "default": true
            },
            {
              "name": "dist",
              "path": "/nix/store/yqa30kfi15rp39fbz1b4v9liqs178fvj-python3.13-yq-3.4.3-dist"
            }
          ],
          "store_path": "/nix/store/h5jhyx6ggspfxkamcyp5snnzrggd47zv-python3.13-yq-3.4.3"
        },
        "x86_64-linux": {
          "outputs": [
            {
              "name": "out",
              "path": "/nix/store/3x7kcxbd9lsgnza7zncjl1ibwgs67r1l-python3.13-yq-3.4.3",
              "default": true
            },
            {
              "name": "dist",
              "path": "/nix/store/95zz3grphzxviinl3ksaj4dnclf7vc31-python3.13-yq-3.4.3-dist"
            }
          ],
          "store_path": "/nix/store/3x7kcxbd9lsgnza7zncjl1ibwgs67r1l-python3.13-yq-3.4.3"
        }
      }
    }
  }
}
