{
  "lockfile_version": "1",
  "packages": {
    "ansible-lint@25.8.2": {
      "last_modified": "2025-10-22T20:59:19Z",
      "resolved": "github:NixOS/nixpkgs/01b6809f7f9d1183a2b3e081f0a1e6f8f415cb09#ansible-lint",
      "source": "devbox-search",
      "version": "25.8.2",
      "systems": {
        "aarch64-darwin": {
          "outputs": [
            {
              "name": "out",
              "path": "/nix/store/8whqnx57wwzgyj773zxhmm4ajpgxn5vv-ansible-lint-25.8.2",
              "default": true
            },
            {
              "name": "dist",
              "path": "/nix/store/zb0hm2lrm55iig3b34psg4464n1dlcnn-ansible-lint-25.8.2-dist"
            }
          ],
          "store_path": "/nix/store/8whqnx57wwzgyj773zxhmm4ajpgxn5vv-ansible-lint-25.8.2"
        },
        "aarch64-linux": {
          "outputs": [
            {
              "name": "out",
              "path": "/nix/store/n9r650dnmj464339kj2mc7kq5bngl86i-ansible-lint-25.8.2",
              "default": true
            },
            {
              "name": "dist",
              "path": "/nix/store/wzixb7lyx4sbsz6ydpqligl2yzlikafn-ansible-lint-25.8.2-dist"
            }
          ],
          "store_path": "/nix/store/n9r650dnmj464339kj2mc7kq5bngl86i-ansible-lint-25.8.2"
        },
        "x86_64-darwin": {
          "outputs": [
            {
              "name": "out",
              "path": "/nix/store/fq0k6g2v7ichvjx1bknrr8pa4q1sw20z-ansible-lint-25.8.2",
              "default": true
            },
            {
              "name": "dist",
              "path": "/nix/store/wwgf3as6az2hfsb6ksqm29smzdl0z7yh-ansible-lint-25.8.2-dist"
            }
          ],
          "store_path": "/nix/store/fq0k6g2v7ichvjx1bknrr8pa4q1sw20z-ansible-lint-25.8.2"
        },
        "x86_64-linux": {
          "outputs": [
            {
              "name": "out",
              "path": "/nix/store/hnvdw5jvyqr4imnxhi3isfpax8r3hqay-ansible-lint-25.8.2",
              "default": true
            },
            {
              "name": "dist",
              "path": "/nix/store/mmj617jj4mlf9gvicwlbhki4jp01gzg2-ansible-lint-25.8.2-dist"
            }
          ],
          "store_path": "/nix/store/hnvdw5jvyqr4imnxhi3isfpax8r3hqay-ansible-lint-25.8.2"
        }
      }
    },
    "ansible@2.19.3": {
      "last_modified": "2025-10-22T20:59:19Z",
      "resolved": "github:NixOS/nixpkgs/01b6809f7f9d1183a2b3e081f0a1e6f8f415cb09#ansible",
      "source": "devbox-search",
      "version": "2.19.3",
      "systems": {
        "aarch64-darwin": {
          "outputs": [
            {
              "name": "out",
              "path": "/nix/store/l5z435ijvmxkfjwax1a8isc9vj4rm213-python3.13-ansible-core-2.19.3",
              "default": true
            },
            {
              "name": "dist",
              "path": "/nix/store/vwpzp3467iw9ahaczlmzlxh2nygcd85q-python3.13-ansible-core-2.19.3-dist"
            }
          ],
          "store_path": "/nix/store/l5z435ijvmxkfjwax1a8isc9vj4rm213-python3.13-ansible-core-2.19.3"
        },
        "aarch64-linux": {
          "outputs": [
            {
              "name": "out",
              "path": "/nix/store/d14b94cvdr6z2vl93dw03kn8g0vgrddy-python3.13-ansible-core-2.19.3",
              "default": true
            },
            {
              "name": "dist",
              "path": "/nix/store/fi2kmlggzgzpq7sh7cpwj7lq2gq8nqha-python3.13-ansible-core-2.19.3-dist"
            }
          ],
          "store_path": "/nix/store/d14b94cvdr6z2vl93dw03kn8g0vgrddy-python3.13-ansible-core-2.19.3"
        },
        "x86_64-darwin": {
          "outputs": [
            {
              "name": "out",
              "path": "/nix/store/hr9ha6mr60iwdcpaqn54dsarzv2qqr8v-python3.13-ansible-core-2.19.3",
              "default": true
            },
            {
              "name": "dist",
              "path": "/nix/store/4gjxn2cl2d4m8winhbkhj0dnpxfkiypz-python3.13-ansible-core-2.19.3-dist"
            }
          ],
          "store_path": "/nix/store/hr9ha6mr60iwdcpaqn54dsarzv2qqr8v-python3.13-ansible-core-2.19.3"
        },
        "x86_64-linux": {
          "outputs": [
            {
              "name": "out",
              "path": "/nix/store/s329q5kg1chaarn5rgavsjvwyf3i3a0s-python3.13-ansible-core-2.19.3",
              "default": true
            },
            {
              "name": "dist",
              "path": "/nix/store/q9fizjm71ghrl4v9dwflgrn07fkkbj08-python3.13-ansible-core-2.19.3-dist"
            }
          ],
          "store_path": "/nix/store/s329q5kg1chaarn5rgavsjvwyf3i3a0s-python3.13-ansible-core-2.19.3"
        }
      }
    },
    "awscli2@2.31.11": {
      "last_modified": "2025-10-22T20:59:19Z",
      "resolved": "github:NixOS/nixpkgs/01b6809f7f9d1183a2b3e081f0a1e6f8f415cb09#awscli2",
      "source": "devbox-search",
      "version": "2.31.11",
      "systems": {
        "aarch64-darwin": {
          "outputs": [
            {
              "name": "out",
              "path": "/nix/store/syyl22zc917z201wa7ghwyxrmdjda8gx-awscli2-2.31.11",
              "default": true
            },
            {
              "name": "dist",
              "path": "/nix/store/rahm1y464x1mpcsyrqyqvi3jx8d133d1-awscli2-2.31.11-dist"
            }
          ],
          "store_path": "/nix/store/syyl22zc917z201wa7ghwyxrmdjda8gx-awscli2-2.31.11"
        },
        "aarch64-linux": {
          "outputs": [
            {
              "name": "out",
              "path": "/nix/store/9vvkxynqnjglw0fjn2pzwxq590a8wyhb-awscli2-2.31.11",
              "default": true
            },
            {
              "name": "dist",
              "path": "/nix/store/cvfamk3633h4x98bdgj0kgcsnbfrxv69-awscli2-2.31.11-dist"
            }
          ],
          "store_path": "/nix/store/9vvkxynqnjglw0fjn2pzwxq590a8wyhb-awscli2-2.31.11"
        },
        "x86_64-darwin": {
          "outputs": [
            {
              "name": "out",
              "path": "/nix/store/ixhf6s2qp5dy5q3ri6i3w3rm38xqp105-awscli2-2.31.11",
              "default": true
            },
            {
              "name": "dist",
              "path": "/nix/store/lrb7dygv5x0rfql77l4mj3bm7phhndgd-awscli2-2.31.11-dist"
            }
          ],
          "store_path": "/nix/store/ixhf6s2qp5dy5q3ri6i3w3rm38xqp105-awscli2-2.31.11"
        },
        "x86_64-linux": {
          "outputs": [
            {
              "name": "out",
              "path": "/nix/store/slvn0v4fab6qc8qz11h8mfzpq8avdbz7-awscli2-2.31.11",
              "default": true
            },
            {
              "name": "dist",
              "path": "/nix/store/6y2nxxa9gd3wixznaajc5xffnsxixvgp-awscli2-2.31.11-dist"
            }
          ],
          "store_path": "/nix/store/slvn0v4fab6qc8qz11h8mfzpq8avdbz7-awscli2-2.31.11"
        }
      }
    },
    "claude-code@2.0.34": {
      "last_modified": "2025-11-07T02:32:13Z",
      "resolved": "github:NixOS/nixpkgs/e1ebeec86b771e9d387dd02d82ffdc77ac753abc#claude-code",
      "source": "devbox-search",
      "version": "2.0.34",
      "systems": {
        "aarch64-darwin": {
          "outputs": [
            {
              "name": "out",
              "path": "/nix/store/yv7fnzizzj655a9ncdk8wj15rmqnin5i-claude-code-2.0.34",
              "default": true
            }
          ],
          "store_path": "/nix/store/yv7fnzizzj655a9ncdk8wj15rmqnin5i-claude-code-2.0.34"
        },
        "aarch64-linux": {
          "outputs": [
            {
              "name": "out",
              "path": "/nix/store/9jvjnzdk7q4pzpiwra7blvslr97yamwb-claude-code-2.0.34",
              "default": true
            }
          ],
          "store_path": "/nix/store/9jvjnzdk7q4pzpiwra7blvslr97yamwb-claude-code-2.0.34"
        },
        "x86_64-darwin": {
          "outputs": [
            {
              "name": "out",
              "path": "/nix/store/xvg01kqnh32nwnbksg6nxyq17lk6pzfi-claude-code-2.0.34",
              "default": true
            }
          ],
          "store_path": "/nix/store/xvg01kqnh32nwnbksg6nxyq17lk6pzfi-claude-code-2.0.34"
        },
        "x86_64-linux": {
          "outputs": [
            {
              "name": "out",
              "path": "/nix/store/d4k2jc08rjy2kv2wvdmnv3csg7fwscyp-claude-code-2.0.34",
              "default": true
            }
          ],
          "store_path": "/nix/store/d4k2jc08rjy2kv2wvdmnv3csg7fwscyp-claude-code-2.0.34"
        }
      }
    },
    "git@2.51.0": {
      "last_modified": "2025-09-21T09:21:16Z",
      "resolved": "github:NixOS/nixpkgs/a1f79a1770d05af18111fbbe2a3ab2c42c0f6cd0#git",
      "source": "devbox-search",
      "version": "2.51.0",
      "systems": {
        "aarch64-darwin": {
          "outputs": [
            {
              "name": "out",
              "path": "/nix/store/4q2dd3sf6xq9bky0aq2wyp2pf958j0rz-git-2.51.0",
              "default": true
            },
            {
              "name": "doc",
              "path": "/nix/store/4gwi3dw7ay6ddmzyzx36a15ds51493hz-git-2.51.0-doc"
            }
          ],
          "store_path": "/nix/store/4q2dd3sf6xq9bky0aq2wyp2pf958j0rz-git-2.51.0"
        },
        "aarch64-linux": {
          "outputs": [
            {
              "name": "out",
              "path": "/nix/store/7x5qzsv0msjcvyhn98zayq520gdwb76m-git-2.51.0",
              "default": true
            },
            {
              "name": "debug",
              "path": "/nix/store/xh22pd5vdl2i1lj975gsv0dc4ywwi42j-git-2.51.0-debug"
            },
            {
              "name": "doc",
              "path": "/nix/store/lxbmn3fzikq9l7aw4xi6lkxqmc2866qd-git-2.51.0-doc"
            }
          ],
          "store_path": "/nix/store/7x5qzsv0msjcvyhn98zayq520gdwb76m-git-2.51.0"
        },
        "x86_64-darwin": {
          "outputs": [
            {
              "name": "out",
              "path": "/nix/store/a16jim5gw87lhmzms8n9jvz6rqii52n1-git-2.51.0",
              "default": true
            },
            {
              "name": "doc",
              "path": "/nix/store/6mrf4pn3qr89l7lw1xv2n5nlj0wpqs94-git-2.51.0-doc"
            }
          ],
          "store_path": "/nix/store/a16jim5gw87lhmzms8n9jvz6rqii52n1-git-2.51.0"
        },
        "x86_64-linux": {
          "outputs": [
            {
              "name": "out",
              "path": "/nix/store/q1zaii9cirbfpmwr7d86hpppql3kjcpf-git-2.51.0",
              "default": true
            },
            {
              "name": "doc",
              "path": "/nix/store/vjjhqc2vixs1pfy4bh5qpqrvqg042vd4-git-2.51.0-doc"
            },
            {
              "name": "debug",
              "path": "/nix/store/zdh0b77j1n8irhshwgrhyjfrrjxk9fbw-git-2.51.0-debug"
            }
          ],
          "store_path": "/nix/store/q1zaii9cirbfpmwr7d86hpppql3kjcpf-git-2.51.0"
        }
      }
    },
    "github:NixOS/nixpkgs/nixpkgs-unstable": {
      "last_modified": "2025-09-15T20:13:12Z",
      "resolved": "github:NixOS/nixpkgs/0d7c15863b251a7a50265e57c1dca1a7add2e291?lastModified=1757967192&narHash=sha256-%2FaA9A%2FOBmnuOMgwfzdsXRusqzUpd8rQnQY8jtrHK%2BTo%3D"
    },
    "go-task@3.45.4": {
      "last_modified": "2025-10-22T20:59:19Z",
      "resolved": "github:NixOS/nixpkgs/01b6809f7f9d1183a2b3e081f0a1e6f8f415cb09#go-task",
      "source": "devbox-search",
      "version": "3.45.4",
      "systems": {
        "aarch64-darwin": {
          "outputs": [
            {
              "name": "out",
              "path": "/nix/store/mj7zghvnya1rl3gw3l8ll91qah5v9rxv-go-task-3.45.4",
              "default": true
            }
          ],
          "store_path": "/nix/store/mj7zghvnya1rl3gw3l8ll91qah5v9rxv-go-task-3.45.4"
        },
        "aarch64-linux": {
          "outputs": [
            {
              "name": "out",
              "path": "/nix/store/2rvk0icfridcj5035f0n05bbgs30y5pb-go-task-3.45.4",
              "default": true
            }
          ],
          "store_path": "/nix/store/2rvk0icfridcj5035f0n05bbgs30y5pb-go-task-3.45.4"
        },
        "x86_64-darwin": {
          "outputs": [
            {
              "name": "out",
              "path": "/nix/store/3n1f9c46z5vkvybghn9mp56iccxqghg6-go-task-3.45.4",
              "default": true
            }
          ],
          "store_path": "/nix/store/3n1f9c46z5vkvybghn9mp56iccxqghg6-go-task-3.45.4"
        },
        "x86_64-linux": {
          "outputs": [
            {
              "name": "out",
              "path": "/nix/store/sbhyd09c4nsdlg62mp4g4d6z0hga6f9z-go-task-3.45.4",
              "default": true
            }
          ],
          "store_path": "/nix/store/sbhyd09c4nsdlg62mp4g4d6z0hga6f9z-go-task-3.45.4"
        }
      }
    },
    "markdownlint-cli2@0.18.1": {
      "last_modified": "2025-10-22T20:59:19Z",
      "resolved": "github:NixOS/nixpkgs/01b6809f7f9d1183a2b3e081f0a1e6f8f415cb09#markdownlint-cli2",
      "source": "devbox-search",
      "version": "0.18.1",
      "systems": {
        "aarch64-darwin": {
          "outputs": [
            {
              "name": "out",
              "path": "/nix/store/46qh02vhjqkb2i839s6v2z0d1f99gsnl-markdownlint-cli2-0.18.1",
              "default": true
            }
          ],
          "store_path": "/nix/store/46qh02vhjqkb2i839s6v2z0d1f99gsnl-markdownlint-cli2-0.18.1"
        },
        "aarch64-linux": {
          "outputs": [
            {
              "name": "out",
              "path": "/nix/store/206vy6qg4zs38hcl731zvry2w3kkni0w-markdownlint-cli2-0.18.1",
              "default": true
            }
          ],
          "store_path": "/nix/store/206vy6qg4zs38hcl731zvry2w3kkni0w-markdownlint-cli2-0.18.1"
        },
        "x86_64-darwin": {
          "outputs": [
            {
              "name": "out",
              "path": "/nix/store/hf82jhsfv0ci6vxqnk1mdf3mjf40jp7m-markdownlint-cli2-0.18.1",
              "default": true
            }
          ],
          "store_path": "/nix/store/hf82jhsfv0ci6vxqnk1mdf3mjf40jp7m-markdownlint-cli2-0.18.1"
        },
        "x86_64-linux": {
          "outputs": [
            {
              "name": "out",
              "path": "/nix/store/xz81ifvjxaccay9g46fx7nga2avhf814-markdownlint-cli2-0.18.1",
              "default": true
            }
          ],
          "store_path": "/nix/store/xz81ifvjxaccay9g46fx7nga2avhf814-markdownlint-cli2-0.18.1"
        }
      }
    },
    "mkdocs@1.6.1": {
      "last_modified": "2025-07-28T17:09:23Z",
      "resolved": "github:NixOS/nixpkgs/648f70160c03151bc2121d179291337ad6bc564b#mkdocs",
      "source": "devbox-search",
      "version": "1.6.1",
      "systems": {
        "aarch64-darwin": {
          "outputs": [
            {
              "name": "out",
              "path": "/nix/store/d4bs6525diryp7khlyh4pwljbc0sqc9p-python3.13-mkdocs-1.6.1",
              "default": true
            },
            {
              "name": "dist",
              "path": "/nix/store/nfwxidbq6fprjm927a4sqs3yb1qbagbs-python3.13-mkdocs-1.6.1-dist"
            }
          ],
          "store_path": "/nix/store/d4bs6525diryp7khlyh4pwljbc0sqc9p-python3.13-mkdocs-1.6.1"
        },
        "aarch64-linux": {
          "outputs": [
            {
              "name": "out",
              "path": "/nix/store/4vyn285nkl4f8qj0wygzxy2i2yns9hn3-python3.13-mkdocs-1.6.1",
              "default": true
            },
            {
              "name": "dist",
              "path": "/nix/store/sx9i3jr39qmms1mfyf59plgva2fp10f2-python3.13-mkdocs-1.6.1-dist"
            }
          ],
          "store_path": "/nix/store/4vyn285nkl4f8qj0wygzxy2i2yns9hn3-python3.13-mkdocs-1.6.1"
        },
        "x86_64-darwin": {
          "outputs": [
            {
              "name": "out",
              "path": "/nix/store/188g7di1312dbzzahy7xiyk7y9g8413i-python3.13-mkdocs-1.6.1",
              "default": true
            },
            {
              "name": "dist",
              "path": "/nix/store/j9yfs8jkhlhakggkchmkdg0r465w3846-python3.13-mkdocs-1.6.1-dist"
            }
          ],
          "store_path": "/nix/store/188g7di1312dbzzahy7xiyk7y9g8413i-python3.13-mkdocs-1.6.1"
        },
        "x86_64-linux": {
          "outputs": [
            {
              "name": "out",
              "path": "/nix/store/7clgfyl8hlqiijj3qm8f9107nhskdp2f-python3.13-mkdocs-1.6.1",
              "default": true
            },
            {
              "name": "dist",
              "path": "/nix/store/9g9b5cd7706h4764gczvnhi5d7lh1inv-python3.13-mkdocs-1.6.1-dist"
            }
          ],
          "store_path": "/nix/store/7clgfyl8hlqiijj3qm8f9107nhskdp2f-python3.13-mkdocs-1.6.1"
        }
      }
    },
    "nodePackages.prettier@3.5.3": {
      "last_modified": "2025-05-21T18:43:04Z",
      "resolved": "github:NixOS/nixpkgs/8c441601c43232976179eac52dde704c8bdf81ed#nodePackages.prettier",
      "source": "devbox-search",
      "version": "3.5.3",
      "systems": {
        "aarch64-darwin": {
          "outputs": [
            {
              "name": "out",
              "path": "/nix/store/yspchsd3ww1ddz2r5783kw8y9j0vr3r8-prettier-3.5.3",
              "default": true
            }
          ],
          "store_path": "/nix/store/yspchsd3ww1ddz2r5783kw8y9j0vr3r8-prettier-3.5.3"
        },
        "aarch64-linux": {
          "outputs": [
            {
              "name": "out",
              "path": "/nix/store/ya3imag4wkxj3g5fws96rzyzv36m74w8-prettier-3.5.3",
              "default": true
            }
          ],
          "store_path": "/nix/store/ya3imag4wkxj3g5fws96rzyzv36m74w8-prettier-3.5.3"
        },
        "x86_64-darwin": {
          "outputs": [
            {
              "name": "out",
              "path": "/nix/store/f9q2y20qa56hjzxnia0q664m0rkwwqvm-prettier-3.5.3",
              "default": true
            }
          ],
          "store_path": "/nix/store/f9q2y20qa56hjzxnia0q664m0rkwwqvm-prettier-3.5.3"
        },
        "x86_64-linux": {
          "outputs": [
            {
              "name": "out",
              "path": "/nix/store/wry9vlk19pk7izrknb980icc8gihzllx-prettier-3.5.3",
              "default": true
            }
          ],
          "store_path": "/nix/store/wry9vlk19pk7izrknb980icc8gihzllx-prettier-3.5.3"
        }
      }
    },
    "packer@1.14.2": {
      "last_modified": "2025-09-18T16:33:27Z",
      "resolved": "github:NixOS/nixpkgs/f4b140d5b253f5e2a1ff4e5506edbf8267724bde#packer",
      "source": "devbox-search",
      "version": "1.14.2",
      "systems": {
        "aarch64-darwin": {
          "outputs": [
            {
              "name": "out",
              "path": "/nix/store/3ry0d1vynxwki97npz8n1b8d1szzqca7-packer-1.14.2",
              "default": true
            }
          ],
          "store_path": "/nix/store/3ry0d1vynxwki97npz8n1b8d1szzqca7-packer-1.14.2"
        },
        "aarch64-linux": {
          "outputs": [
            {
              "name": "out",
              "path": "/nix/store/0g6pqmf668023jq4axylma0n829k5blk-packer-1.14.2",
              "default": true
            }
          ],
          "store_path": "/nix/store/0g6pqmf668023jq4axylma0n829k5blk-packer-1.14.2"
        },
        "x86_64-darwin": {
          "outputs": [
            {
              "name": "out",
              "path": "/nix/store/6a2bspyw36g8zgi23glhl24745zxp3zw-packer-1.14.2",
              "default": true
            }
          ],
          "store_path": "/nix/store/6a2bspyw36g8zgi23glhl24745zxp3zw-packer-1.14.2"
        },
        "x86_64-linux": {
          "outputs": [
            {
              "name": "out",
              "path": "/nix/store/pvi9ir5vlav31yf66b7qspfg9ig60v9l-packer-1.14.2",
              "default": true
            }
          ],
          "store_path": "/nix/store/pvi9ir5vlav31yf66b7qspfg9ig60v9l-packer-1.14.2"
        }
      }
    },
    "pre-commit@4.3.0": {
      "last_modified": "2025-09-18T16:33:27Z",
      "resolved": "github:NixOS/nixpkgs/f4b140d5b253f5e2a1ff4e5506edbf8267724bde#pre-commit",
      "source": "devbox-search",
      "version": "4.3.0",
      "systems": {
        "aarch64-darwin": {
          "outputs": [
            {
              "name": "out",
              "path": "/nix/store/i2y7jkijwc5f0ly9w7pb5nsnib2mlm3v-pre-commit-4.3.0",
              "default": true
            },
            {
              "name": "dist",
              "path": "/nix/store/r65b8k7p52fcw1lnaw560wnswn7sq5l9-pre-commit-4.3.0-dist"
            }
          ],
          "store_path": "/nix/store/i2y7jkijwc5f0ly9w7pb5nsnib2mlm3v-pre-commit-4.3.0"
        },
        "aarch64-linux": {
          "outputs": [
            {
              "name": "out",
              "path": "/nix/store/053lk2khq3v7p8sqx84whzhlb429g6gm-pre-commit-4.3.0",
              "default": true
            },
            {
              "name": "dist",
              "path": "/nix/store/dfm1bdbsvw4qd214972h81fw8g5fpdjc-pre-commit-4.3.0-dist"
            }
          ],
          "store_path": "/nix/store/053lk2khq3v7p8sqx84whzhlb429g6gm-pre-commit-4.3.0"
        },
        "x86_64-darwin": {
          "outputs": [
            {
              "name": "out",
              "path": "/nix/store/j79nsa5j79wmq3jf4kwizaldr5fm82mv-pre-commit-4.3.0",
              "default": true
            },
            {
              "name": "dist",
              "path": "/nix/store/drb2rm5vz0632ydd6m4xwkpcj6j01w4q-pre-commit-4.3.0-dist"
            }
          ],
          "store_path": "/nix/store/j79nsa5j79wmq3jf4kwizaldr5fm82mv-pre-commit-4.3.0"
        },
        "x86_64-linux": {
          "outputs": [
            {
              "name": "out",
              "path": "/nix/store/0ybak1vc0vafqfy5dwyb5biaxr98f3kn-pre-commit-4.3.0",
              "default": true
            },
            {
              "name": "dist",
              "path": "/nix/store/7ni86x0z72zq3r5kyyixy52vsgz8rn3g-pre-commit-4.3.0-dist"
            }
          ],
          "store_path": "/nix/store/0ybak1vc0vafqfy5dwyb5biaxr98f3kn-pre-commit-4.3.0"
        }
      }
    },
    "python313Packages.mkdocs-material@9.6.22": {
      "last_modified": "2025-10-22T20:59:19Z",
      "resolved": "github:NixOS/nixpkgs/01b6809f7f9d1183a2b3e081f0a1e6f8f415cb09#python313Packages.mkdocs-material",
      "source": "devbox-search",
      "version": "9.6.22",
      "systems": {
        "aarch64-darwin": {
          "outputs": [
            {
              "name": "out",
              "path": "/nix/store/0q1jjkn5mm07rns6p0bjfh1sgy4jisnb-python3.13-mkdocs-material-9.6.22",
              "default": true
            },
            {
              "name": "dist",
              "path": "/nix/store/51zan7k1f0sgndpb04dvn5qsqjdbgl6w-python3.13-mkdocs-material-9.6.22-dist"
            }
          ],
          "store_path": "/nix/store/0q1jjkn5mm07rns6p0bjfh1sgy4jisnb-python3.13-mkdocs-material-9.6.22"
        },
        "aarch64-linux": {
          "outputs": [
            {
              "name": "out",
              "path": "/nix/store/r6lm4p4gv5wrr311amq7km8hsk9104gz-python3.13-mkdocs-material-9.6.22",
              "default": true
            },
            {
              "name": "dist",
              "path": "/nix/store/84j1dg5lh1pjd1mz31fvsc2gg51dbzzl-python3.13-mkdocs-material-9.6.22-dist"
            }
          ],
          "store_path": "/nix/store/r6lm4p4gv5wrr311amq7km8hsk9104gz-python3.13-mkdocs-material-9.6.22"
        },
        "x86_64-darwin": {
          "outputs": [
            {
              "name": "out",
              "path": "/nix/store/gjmxma25gfnxgfy0vhxd0azmz0g6mmg2-python3.13-mkdocs-material-9.6.22",
              "default": true
            },
            {
              "name": "dist",
              "path": "/nix/store/vkbfhqwmlhhsapzlhgmzjpspzfp2ycf2-python3.13-mkdocs-material-9.6.22-dist"
            }
          ],
          "store_path": "/nix/store/gjmxma25gfnxgfy0vhxd0azmz0g6mmg2-python3.13-mkdocs-material-9.6.22"
        },
        "x86_64-linux": {
          "outputs": [
            {
              "name": "out",
              "path": "/nix/store/2i824bjchbnl841r5b7dbxrgink0ar3a-python3.13-mkdocs-material-9.6.22",
              "default": true
            },
            {
              "name": "dist",
              "path": "/nix/store/64j1nmxk63kflxq1s7lbfvp00r77gmwb-python3.13-mkdocs-material-9.6.22-dist"
            }
          ],
          "store_path": "/nix/store/2i824bjchbnl841r5b7dbxrgink0ar3a-python3.13-mkdocs-material-9.6.22"
        }
      }
    },
    "shellcheck@0.11.0": {
      "last_modified": "2025-10-22T20:59:19Z",
      "resolved": "github:NixOS/nixpkgs/01b6809f7f9d1183a2b3e081f0a1e6f8f415cb09#shellcheck",
      "source": "devbox-search",
      "version": "0.11.0",
      "systems": {
        "aarch64-darwin": {
          "outputs": [
            {
              "name": "bin",
              "path": "/nix/store/4a0izix7pgl7bjmzy2ks7w08mr7g43wq-shellcheck-0.11.0-bin",
              "default": true
            },
            {
              "name": "man",
              "path": "/nix/store/6xis86676r0wigpc7hdpi6w74hcb8h5b-shellcheck-0.11.0-man",
              "default": true
            },
            {
              "name": "doc",
              "path": "/nix/store/xqgy4i3pcnqh2dz81f72g9p40mfx02hx-shellcheck-0.11.0-doc",
              "default": true
            },
            {
              "name": "out",
              "path": "/nix/store/b2bgxrcp2ichkzjj724374nrc1a2pm1b-shellcheck-0.11.0"
            }
          ],
          "store_path": "/nix/store/4a0izix7pgl7bjmzy2ks7w08mr7g43wq-shellcheck-0.11.0-bin"
        },
        "aarch64-linux": {
          "outputs": [
            {
              "name": "bin",
              "path": "/nix/store/85m80dac9g8s9qw6b8cgfkga5h0ir2zg-shellcheck-0.11.0-bin",
              "default": true
            },
            {
              "name": "man",
              "path": "/nix/store/5fpjqz28ygm4nzmvm6ixhp8mhqcyrh7h-shellcheck-0.11.0-man",
              "default": true
            },
            {
              "name": "doc",
              "path": "/nix/store/kqx6gj3v28idsyy18smgiczbfb8pviy8-shellcheck-0.11.0-doc",
              "default": true
            },
            {
              "name": "out",
              "path": "/nix/store/2yf1s7r7dlfm1ms3d632df73ldr5sm5x-shellcheck-0.11.0"
            }
          ],
          "store_path": "/nix/store/85m80dac9g8s9qw6b8cgfkga5h0ir2zg-shellcheck-0.11.0-bin"
        },
        "x86_64-darwin": {
          "outputs": [
            {
              "name": "bin",
              "path": "/nix/store/w4k4dvja30wp957za309mbffdyz89gf3-shellcheck-0.11.0-bin",
              "default": true
            },
            {
              "name": "man",
              "path": "/nix/store/kz55xi0q6y99dfq72g15jnyc18qsr1y2-shellcheck-0.11.0-man",
              "default": true
            },
            {
              "name": "doc",
              "path": "/nix/store/bzl8f5rgk1p5wcwm7zv8g2j14hdvnpyx-shellcheck-0.11.0-doc",
              "default": true
            },
            {
              "name": "out",
              "path": "/nix/store/jl1ryqyia3ra9p61056da62c149hpb7d-shellcheck-0.11.0"
            }
          ],
          "store_path": "/nix/store/w4k4dvja30wp957za309mbffdyz89gf3-shellcheck-0.11.0-bin"
        },
        "x86_64-linux": {
          "outputs": [
            {
              "name": "bin",
              "path": "/nix/store/a15d764gb4wif597ak7arqj1py2jp8xq-shellcheck-0.11.0-bin",
              "default": true
            },
            {
              "name": "man",
              "path": "/nix/store/d4yng2cx7xxmxfzbid6cm9z6c3i892yx-shellcheck-0.11.0-man",
              "default": true
            },
            {
              "name": "doc",
              "path": "/nix/store/frplmn16l3kjap5m8kk80pzw4wwj4y01-shellcheck-0.11.0-doc",
              "default": true
            },
            {
              "name": "out",
              "path": "/nix/store/b4jzmnxcqh5gj12i66hhsh1k52wbx7fp-shellcheck-0.11.0"
            }
          ],
          "store_path": "/nix/store/a15d764gb4wif597ak7arqj1py2jp8xq-shellcheck-0.11.0-bin"
        }
      }
    },
    "shfmt@3.12.0": {
      "last_modified": "2025-10-22T20:59:19Z",
      "resolved": "github:NixOS/nixpkgs/01b6809f7f9d1183a2b3e081f0a1e6f8f415cb09#shfmt",
      "source": "devbox-search",
      "version": "3.12.0",
      "systems": {
        "aarch64-darwin": {
          "outputs": [
            {
              "name": "out",
              "path": "/nix/store/17x7g2wvfv4p3jnq2c35mrd17gl43wvm-shfmt-3.12.0",
              "default": true
            }
          ],
          "store_path": "/nix/store/17x7g2wvfv4p3jnq2c35mrd17gl43wvm-shfmt-3.12.0"
        },
        "aarch64-linux": {
          "outputs": [
            {
              "name": "out",
              "path": "/nix/store/17k90pxscxhjh8i4zyzqjmspxz1pmyhd-shfmt-3.12.0",
              "default": true
            }
          ],
          "store_path": "/nix/store/17k90pxscxhjh8i4zyzqjmspxz1pmyhd-shfmt-3.12.0"
        },
        "x86_64-darwin": {
          "outputs": [
            {
              "name": "out",
              "path": "/nix/store/yjvv52gkmqca38bmzf3i3vy536kk8cdk-shfmt-3.12.0",
              "default": true
            }
          ],
          "store_path": "/nix/store/yjvv52gkmqca38bmzf3i3vy536kk8cdk-shfmt-3.12.0"
        },
        "x86_64-linux": {
          "outputs": [
            {
              "name": "out",
              "path": "/nix/store/n4k1wp0nkcw97xi5vhr007gvf252pcma-shfmt-3.12.0",
              "default": true
            }
          ],
          "store_path": "/nix/store/n4k1wp0nkcw97xi5vhr007gvf252pcma-shfmt-3.12.0"
        }
      }
    },
    "sops@3.11.0": {
      "last_modified": "2025-10-22T20:59:19Z",
      "resolved": "github:NixOS/nixpkgs/01b6809f7f9d1183a2b3e081f0a1e6f8f415cb09#sops",
      "source": "devbox-search",
      "version": "3.11.0",
      "systems": {
        "aarch64-darwin": {
          "outputs": [
            {
              "name": "out",
              "path": "/nix/store/qwlq3d2n8jf854156ibrrgsxgid6ia03-sops-3.11.0",
              "default": true
            }
          ],
          "store_path": "/nix/store/qwlq3d2n8jf854156ibrrgsxgid6ia03-sops-3.11.0"
        },
        "aarch64-linux": {
          "outputs": [
            {
              "name": "out",
              "path": "/nix/store/lh7cq23r56wwvi21fmvrhywrs1ns4lcn-sops-3.11.0",
              "default": true
            }
          ],
          "store_path": "/nix/store/lh7cq23r56wwvi21fmvrhywrs1ns4lcn-sops-3.11.0"
        },
        "x86_64-darwin": {
          "outputs": [
            {
              "name": "out",
              "path": "/nix/store/shc2cp6jd1vjl9m8p4d2rq06h7w6jdrb-sops-3.11.0",
              "default": true
            }
          ],
          "store_path": "/nix/store/shc2cp6jd1vjl9m8p4d2rq06h7w6jdrb-sops-3.11.0"
        },
        "x86_64-linux": {
          "outputs": [
            {
              "name": "out",
              "path": "/nix/store/n0s88igzv2shfkmx0i8xa9qr3rav1vzp-sops-3.11.0",
              "default": true
            }
          ],
          "store_path": "/nix/store/n0s88igzv2shfkmx0i8xa9qr3rav1vzp-sops-3.11.0"
        }
      }
    },
    "terraform@1.13.5": {
      "last_modified": "2025-11-07T02:32:13Z",
      "resolved": "github:NixOS/nixpkgs/e1ebeec86b771e9d387dd02d82ffdc77ac753abc#terraform",
      "source": "devbox-search",
      "version": "1.13.5",
      "systems": {
        "aarch64-darwin": {
          "outputs": [
            {
              "name": "out",
              "path": "/nix/store/6qkwk9dw5hg6irmypv3814hh1f7janwl-terraform-1.13.5",
              "default": true
            }
          ],
          "store_path": "/nix/store/6qkwk9dw5hg6irmypv3814hh1f7janwl-terraform-1.13.5"
        },
        "aarch64-linux": {
          "outputs": [
            {
              "name": "out",
              "path": "/nix/store/zyycqw3ww1b7ccas9xna70lgw6gps2c6-terraform-1.13.5",
              "default": true
            }
          ],
          "store_path": "/nix/store/zyycqw3ww1b7ccas9xna70lgw6gps2c6-terraform-1.13.5"
        },
        "x86_64-darwin": {
          "outputs": [
            {
              "name": "out",
              "path": "/nix/store/ynhgdl9ggs4qlwzjj2clz0v0sqwk995h-terraform-1.13.5",
              "default": true
            }
          ],
          "store_path": "/nix/store/ynhgdl9ggs4qlwzjj2clz0v0sqwk995h-terraform-1.13.5"
        },
        "x86_64-linux": {
          "outputs": [
            {
              "name": "out",
              "path": "/nix/store/ga38kiqdn3v6crwwnrxhi15zybaq7jds-terraform-1.13.5",
              "default": true
            }
          ],
          "store_path": "/nix/store/ga38kiqdn3v6crwwnrxhi15zybaq7jds-terraform-1.13.5"
        }
      }
    },
    "tflint@0.59.1": {
      "last_modified": "2025-10-22T20:59:19Z",
      "resolved": "github:NixOS/nixpkgs/01b6809f7f9d1183a2b3e081f0a1e6f8f415cb09#tflint",
      "source": "devbox-search",
      "version": "0.59.1",
      "systems": {
        "aarch64-darwin": {
          "outputs": [
            {
              "name": "out",
              "path": "/nix/store/ssaj8hfy311p2ca8c7y8brq90b62fdm7-tflint-0.59.1",
              "default": true
            }
          ],
          "store_path": "/nix/store/ssaj8hfy311p2ca8c7y8brq90b62fdm7-tflint-0.59.1"
        },
        "aarch64-linux": {
          "outputs": [
            {
              "name": "out",
              "path": "/nix/store/l7caw6pm88a5b5nqsrds7ck84j111f29-tflint-0.59.1",
              "default": true
            }
          ],
          "store_path": "/nix/store/l7caw6pm88a5b5nqsrds7ck84j111f29-tflint-0.59.1"
        },
        "x86_64-darwin": {
          "outputs": [
            {
              "name": "out",
              "path": "/nix/store/9haywz9dbv0j1z62w222bkmdz9wd6ij5-tflint-0.59.1",
              "default": true
            }
          ],
          "store_path": "/nix/store/9haywz9dbv0j1z62w222bkmdz9wd6ij5-tflint-0.59.1"
        },
        "x86_64-linux": {
          "outputs": [
            {
              "name": "out",
              "path": "/nix/store/ds2fh76m94xhkbp85xwnbqikp4h3vjc1-tflint-0.59.1",
              "default": true
            }
          ],
          "store_path": "/nix/store/ds2fh76m94xhkbp85xwnbqikp4h3vjc1-tflint-0.59.1"
        }
      }
    },
    "yamllint@1.37.1": {
      "last_modified": "2025-07-28T17:09:23Z",
      "resolved": "github:NixOS/nixpkgs/648f70160c03151bc2121d179291337ad6bc564b#yamllint",
      "source": "devbox-search",
      "version": "1.37.1",
      "systems": {
        "aarch64-darwin": {
          "outputs": [
            {
              "name": "out",
              "path": "/nix/store/lm8hla11svn8glcgc5yhg1990gdrw5qq-python3.13-yamllint-1.37.1",
              "default": true
            },
            {
              "name": "dist",
              "path": "/nix/store/5787d9236p07pwd04gj00k6rli35wp84-python3.13-yamllint-1.37.1-dist"
            }
          ],
          "store_path": "/nix/store/lm8hla11svn8glcgc5yhg1990gdrw5qq-python3.13-yamllint-1.37.1"
        },
        "aarch64-linux": {
          "outputs": [
            {
              "name": "out",
              "path": "/nix/store/8h5vdqrx7b2hzlhqy2rcniq5nf0i0j7f-python3.13-yamllint-1.37.1",
              "default": true
            },
            {
              "name": "dist",
              "path": "/nix/store/1p8xbkrqhm0mqacghfgfdp1q9ggxrirq-python3.13-yamllint-1.37.1-dist"
            }
          ],
          "store_path": "/nix/store/8h5vdqrx7b2hzlhqy2rcniq5nf0i0j7f-python3.13-yamllint-1.37.1"
        },
        "x86_64-darwin": {
          "outputs": [
            {
              "name": "out",
              "path": "/nix/store/53vl9m6b594yf85093gbhlw8lv4ivndq-python3.13-yamllint-1.37.1",
              "default": true
            },
            {
              "name": "dist",
              "path": "/nix/store/ig2y0prb5vi6ky2fbg245439dl0w076w-python3.13-yamllint-1.37.1-dist"
            }
          ],
          "store_path": "/nix/store/53vl9m6b594yf85093gbhlw8lv4ivndq-python3.13-yamllint-1.37.1"
        },
        "x86_64-linux": {
          "outputs": [
            {
              "name": "out",
              "path": "/nix/store/fhvbnxy08wqk8gvwpgyi55n6zrmgv951-python3.13-yamllint-1.37.1",
              "default": true
            },
            {
              "name": "dist",
              "path": "/nix/store/jxjhi5yqq6d1f54x74j9d0c3s4v9imsd-python3.13-yamllint-1.37.1-dist"
            }
          ],
          "store_path": "/nix/store/fhvbnxy08wqk8gvwpgyi55n6zrmgv951-python3.13-yamllint-1.37.1"
        }
      }
    },
    "yq@3.4.3": {
      "last_modified": "2025-07-28T17:09:23Z",
      "resolved": "github:NixOS/nixpkgs/648f70160c03151bc2121d179291337ad6bc564b#yq",
      "source": "devbox-search",
      "version": "3.4.3",
      "systems": {
        "aarch64-darwin": {
          "outputs": [
            {
              "name": "out",
              "path": "/nix/store/pv0z7486gqyfldkdm9dl7b7kh91n1xdz-python3.13-yq-3.4.3",
              "default": true
            },
            {
              "name": "dist",
              "path": "/nix/store/agqzsww2s8gwziryz8dbva6xh24h7rjp-python3.13-yq-3.4.3-dist"
            }
          ],
          "store_path": "/nix/store/pv0z7486gqyfldkdm9dl7b7kh91n1xdz-python3.13-yq-3.4.3"
        },
        "aarch64-linux": {
          "outputs": [
            {
              "name": "out",
              "path": "/nix/store/f2ljrw5wyly5w5w051xf15026i3cpxvm-python3.13-yq-3.4.3",
              "default": true
            },
            {
              "name": "dist",
              "path": "/nix/store/2kzk1g3y5slylhkfidrazy5fsl5m7dl5-python3.13-yq-3.4.3-dist"
            }
          ],
          "store_path": "/nix/store/f2ljrw5wyly5w5w051xf15026i3cpxvm-python3.13-yq-3.4.3"
        },
        "x86_64-darwin": {
          "outputs": [
            {
              "name": "out",
              "path": "/nix/store/fnyws30rnpa4i1aw0rrd0z2n0wn3qv9m-python3.13-yq-3.4.3",
              "default": true
            },
            {
              "name": "dist",
              "path": "/nix/store/ll0nb6a2f9wd1ghpymyg8fjwiyqgxls1-python3.13-yq-3.4.3-dist"
            }
          ],
          "store_path": "/nix/store/fnyws30rnpa4i1aw0rrd0z2n0wn3qv9m-python3.13-yq-3.4.3"
        },
        "x86_64-linux": {
          "outputs": [
            {
              "name": "out",
              "path": "/nix/store/73wfjnpi4ms8xbrf4j8357rk0gm6dsc9-python3.13-yq-3.4.3",
              "default": true
            },
            {
              "name": "dist",
              "path": "/nix/store/kbizcjfiqi08yvdb7zkp44fshi1rw97y-python3.13-yq-3.4.3-dist"
            }
          ],
          "store_path": "/nix/store/73wfjnpi4ms8xbrf4j8357rk0gm6dsc9-python3.13-yq-3.4.3"
        }
      }
    }
  }
}
